
Microsoft Visual Studio Solution File, Format Version 12.00
# Visual Studio 14
VisualStudioVersion = 14.0.25420.1
MinimumVisualStudioVersion = 10.0.40219.1
Project("{FAE04EC0-301F-11D3-BF4B-00C04F79EFBC}") = "Work_REF", "Work_REF\Work_REF.csproj", "{1D653A01-7408-4A1D-9378-CD40A770ACEA}"
EndProject
Project("{FAE04EC0-301F-11D3-BF4B-00C04F79EFBC}") = "Work_params", "Work_params\Work_params.csproj", "{569362CF-442D-431E-AB98-AFE98A809D50}"
EndProject
Project("{FAE04EC0-301F-11D3-BF4B-00C04F79EFBC}") = "Work_Recursia", "Work_Recursia\Work_Recursia.csproj", "{60F6BEAF-75BD-40DD-85CC-F5D45C743220}"
EndProject
Project("{FAE04EC0-301F-11D3-BF4B-00C04F79EFBC}") = "Work_ENUMS", "Work_ENUMS\Work_ENUMS.csproj", "{CC0155C3-C6C5-47CE-ADBF-8414EDC7B46B}"
EndProject
Project("{FAE04EC0-301F-11D3-BF4B-00C04F79EFBC}") = "Work_Struct", "Work_Struct\Work_Struct.csproj", "{261B17F7-0198-473F-A2D0-98D800737D53}"
EndProject
Project("{FAE04EC0-301F-11D3-BF4B-00C04F79EFBC}") = "Work_indexaator", "Work_indexaator\Work_indexaator.csproj", "{B04A2D5D-9ADB-4A1D-94BE-A0CCB73119A4}"
EndProject
Project("{FAE04EC0-301F-11D3-BF4B-00C04F79EFBC}") = "Indexators_PR", "Indexators_PR\Indexators_PR.csproj", "{F45D8CF8-2E63-476D-B87B-410C0A86531B}"
EndProject
Project("{FAE04EC0-301F-11D3-BF4B-00C04F79EFBC}") = "Virtual_Work", "Virtual_Work\Virtual_Work.csproj", "{546B4D98-62FB-41E0-A7F7-35BBC1A30976}"
EndProject
Project("{2150E333-8FDC-42A3-9474-1A3956D46DE8}") = "OOP_Class", "OOP_Class", "{46EEB5CC-1D9E-4BA0-B672-36A18728A606}"
EndProject
Project("{FAE04EC0-301F-11D3-BF4B-00C04F79EFBC}") = "Interface_Work", "Interface_Work\Interface_Work.csproj", "{4A913597-489B-4DB6-B999-6D0949AA529A}"
EndProject
Project("{2150E333-8FDC-42A3-9474-1A3956D46DE8}") = "Collection", "Collection", "{D74CDA20-602B-4638-B63C-9B299BF13883}"
EndProject
Project("{FAE04EC0-301F-11D3-BF4B-00C04F79EFBC}") = "Collection_1", "Collection_1\Collection_1.csproj", "{9EF917B5-143E-4705-B507-3E8A46BAA444}"
EndProject
Project("{FAE04EC0-301F-11D3-BF4B-00C04F79EFBC}") = "Collection_2", "Collection_2\Collection_2.csproj", "{532D9027-A911-4D63-9AC6-2AE255C1D206}"
EndProject
Project("{FAE04EC0-301F-11D3-BF4B-00C04F79EFBC}") = "Collection_3", "Collection_3\Collection_3.csproj", "{9781FE54-5D6F-41E6-AEC5-989B1863694B}"
EndProject
Project("{FAE04EC0-301F-11D3-BF4B-00C04F79EFBC}") = "Collection_4", "Collection_4\Collection_4.csproj", "{E14D7727-BD21-4121-83C0-9B8E292A2922}"
EndProject
Project("{2150E333-8FDC-42A3-9474-1A3956D46DE8}") = "Work FileSystem", "Work FileSystem", "{E4FFCA42-BBDF-4367-A302-B275619FFE5F}"
EndProject
Project("{FAE04EC0-301F-11D3-BF4B-00C04F79EFBC}") = "Test", "Test\Test.csproj", "{DC04A7F3-36C1-42C4-83C4-46223BE12DDE}"
EndProject
Project("{2150E333-8FDC-42A3-9474-1A3956D46DE8}") = "Work_Files", "Work_Files", "{B82EF836-8717-47E5-B87B-8FE99DD8161E}"
EndProject
Project("{FAE04EC0-301F-11D3-BF4B-00C04F79EFBC}") = "Work_Drivers", "Work_Drivers\Work_Drivers.csproj", "{8297CCF2-4ED7-4305-B28F-7D1BA5FA7EE0}"
EndProject
Project("{FAE04EC0-301F-11D3-BF4B-00C04F79EFBC}") = "Work_Catalogs", "Work_Catalogs\Work_Catalogs.csproj", "{1BE04083-C629-4E07-BCC0-0CDB981B61C7}"
EndProject
Project("{FAE04EC0-301F-11D3-BF4B-00C04F79EFBC}") = "FileReads", "FileReads\FileReads.csproj", "{24BEE32F-60B4-46E1-8E09-D282DBD83EEE}"
EndProject
Project("{FAE04EC0-301F-11D3-BF4B-00C04F79EFBC}") = "Stream_Work", "Stream_Work\Stream_Work.csproj", "{8CC2CF8A-49A6-47D9-88D5-59FA977EFBF1}"
EndProject
Project("{FAE04EC0-301F-11D3-BF4B-00C04F79EFBC}") = "BinWork", "BinWork\BinWork.csproj", "{19D68945-FA36-41A1-81F8-40B3A09E4E79}"
EndProject
Project("{FAE04EC0-301F-11D3-BF4B-00C04F79EFBC}") = "ZipFiles", "ZipFiles\ZipFiles.csproj", "{9AE7EE3E-69AA-437C-A4EA-AF73E71242D0}"
EndProject
Project("{2150E333-8FDC-42A3-9474-1A3956D46DE8}") = "threadWork", "threadWork", "{A484F32C-A828-46DC-91AA-4A24BF018E0A}"
EndProject
Project("{FAE04EC0-301F-11D3-BF4B-00C04F79EFBC}") = "TH_1", "TH_1\TH_1.csproj", "{0FF913EF-315A-48F6-9291-6A9BB1B92C36}"
EndProject
Project("{FAE04EC0-301F-11D3-BF4B-00C04F79EFBC}") = "TH_2", "TH_2\TH_2.csproj", "{E064B387-63EA-44D5-A7D9-1C6B835FC005}"
EndProject
Project("{FAE04EC0-301F-11D3-BF4B-00C04F79EFBC}") = "TH_3", "TH_3\TH_3.csproj", "{01E07B32-0A8E-4518-B3A0-F70BC29B40E2}"
EndProject
Project("{FAE04EC0-301F-11D3-BF4B-00C04F79EFBC}") = "TH_4_Sinch", "TH_4_Sinch\TH_4_Sinch.csproj", "{4D98C70C-6AC5-4B7C-ACC0-6A4C179E69D6}"
EndProject
Project("{FAE04EC0-301F-11D3-BF4B-00C04F79EFBC}") = "TH_5_Monitor", "TH_5_Monitor\TH_5_Monitor.csproj", "{E668E761-2B7B-4E1D-866E-3DDD7BA4B822}"
EndProject
Project("{FAE04EC0-301F-11D3-BF4B-00C04F79EFBC}") = "TH_6_AutoEvent", "TH_6_AutoEvent\TH_6_AutoEvent.csproj", "{EA616EA1-A2DC-4BED-AB18-E6B563C49297}"
EndProject
Project("{FAE04EC0-301F-11D3-BF4B-00C04F79EFBC}") = "TH_7_Mutex", "TH_7_Mutex\TH_7_Mutex.csproj", "{6CEB9BA8-88A3-41CE-BC77-E5DF03594DAF}"
EndProject
Project("{FAE04EC0-301F-11D3-BF4B-00C04F79EFBC}") = "TH_8_Semafore", "TH_8_Semafore\TH_8_Semafore.csproj", "{1E21371B-A57D-4F1A-BC22-7723453258C9}"
EndProject
Project("{2150E333-8FDC-42A3-9474-1A3956D46DE8}") = "TPL_Lib", "TPL_Lib", "{B78B807C-05EA-412E-8DCC-187E514B69A4}"
EndProject
Project("{FAE04EC0-301F-11D3-BF4B-00C04F79EFBC}") = "TPL_1", "TPL_1\TPL_1.csproj", "{3799AD85-421A-47D6-8794-8BEF9119B63F}"
EndProject
Project("{FAE04EC0-301F-11D3-BF4B-00C04F79EFBC}") = "TPL_2_Task", "TPL_2_Task\TPL_2_Task.csproj", "{8622EB51-558F-4DED-B36F-231822A6990B}"
EndProject
Project("{FAE04EC0-301F-11D3-BF4B-00C04F79EFBC}") = "TPL_3_cont_task", "TPL_3_cont_task\TPL_3_cont_task.csproj", "{57052283-DD1E-4852-B689-4E8CA85D6A22}"
EndProject
Project("{FAE04EC0-301F-11D3-BF4B-00C04F79EFBC}") = "TPL_4_Parrallel", "TPL_4_Parrallel\TPL_4_Parrallel.csproj", "{7E33F7D6-B81A-4ED1-88FE-FF5FCD12DBAF}"
EndProject
Project("{2150E333-8FDC-42A3-9474-1A3956D46DE8}") = "Serilizer", "Serilizer", "{A329546B-4A38-4435-893B-AAD0F6606E2A}"
EndProject
Project("{FAE04EC0-301F-11D3-BF4B-00C04F79EFBC}") = "Test_Serilizer1", "Test_Serilizer1\Test_Serilizer1.csproj", "{1F5DFAF2-171D-4721-BB1D-9E12C8028516}"
EndProject
Project("{FAE04EC0-301F-11D3-BF4B-00C04F79EFBC}") = "Test_Serilizer2_SOAP", "Test_Serilizer2_SOAP\Test_Serilizer2_SOAP.csproj", "{FFC7FE30-F3A8-455B-8D3C-FCCA3EB6958B}"
EndProject
Project("{FAE04EC0-301F-11D3-BF4B-00C04F79EFBC}") = "Test-Serilizer_XML", "Test-Serilizer_XML\Test-Serilizer_XML.csproj", "{62F2E69B-AF27-404B-ADE9-44D840E8A484}"
EndProject
Project("{FAE04EC0-301F-11D3-BF4B-00C04F79EFBC}") = "Test_Serilezer_JSON", "Test_Serilezer_JSON\Test_Serilezer_JSON.csproj", "{5138826F-4C5B-422D-9B72-8CFD42E77A5B}"
EndProject
Project("{2150E333-8FDC-42A3-9474-1A3956D46DE8}") = "StringWork", "StringWork", "{33FCB062-5F49-4649-90C2-D2D92FB46D0D}"
EndProject
Project("{FAE04EC0-301F-11D3-BF4B-00C04F79EFBC}") = "test1_Op_String", "test1_Op_String\test1_Op_String.csproj", "{C5303970-E4D0-4B7E-B1F2-4134772BEC63}"
EndProject
Project("{FAE04EC0-301F-11D3-BF4B-00C04F79EFBC}") = "Test2_FormString", "Test2_FormString\Test2_FormString.csproj", "{CD18F2C8-C1F0-43CA-ACBC-8569E4C9DA28}"
EndProject
Project("{FAE04EC0-301F-11D3-BF4B-00C04F79EFBC}") = "Test3_Builder", "Test3_Builder\Test3_Builder.csproj", "{24C2B9A4-9582-4196-A3B0-885A72655DA6}"
EndProject
Project("{FAE04EC0-301F-11D3-BF4B-00C04F79EFBC}") = "Test_Regul_Exp", "Test_Regul_Exp\Test_Regul_Exp.csproj", "{E6C5C496-585D-4193-984C-5429953A7F71}"
EndProject
Project("{2150E333-8FDC-42A3-9474-1A3956D46DE8}") = "ASYNC", "ASYNC", "{F8341381-C381-44F4-957C-4218271CE824}"
EndProject
Project("{FAE04EC0-301F-11D3-BF4B-00C04F79EFBC}") = "ASYNC_DEL", "ASYNC_DEL\ASYNC_DEL.csproj", "{899E27BB-68DB-4635-B3E4-30020A7B9564}"
EndProject
Project("{FAE04EC0-301F-11D3-BF4B-00C04F79EFBC}") = "ASYNC_2", "ASYNC_2\ASYNC_2.csproj", "{55657C7C-D31E-4582-B841-D47F02D55752}"
EndProject
Project("{FAE04EC0-301F-11D3-BF4B-00C04F79EFBC}") = "ASYNC_3", "ASYNC_3\ASYNC_3.csproj", "{F332657F-62AF-4062-A434-FCBE53846C69}"
EndProject
Project("{2150E333-8FDC-42A3-9474-1A3956D46DE8}") = "WorkLinQ", "WorkLinQ", "{0C09B555-293A-4F9D-B181-6AFF8AFD49C7}"
EndProject
Project("{FAE04EC0-301F-11D3-BF4B-00C04F79EFBC}") = "LinQ_1", "LinQ_1\LinQ_1.csproj", "{5AE43268-D920-4EAF-9ADC-7DE4319BFD5E}"
EndProject
Project("{FAE04EC0-301F-11D3-BF4B-00C04F79EFBC}") = "LinQ_2_FiltSelect", "LinQ_2_FiltSelect\LinQ_2_FiltSelect.csproj", "{E85C6786-CBB3-4B2B-8ED5-A0792ABD143C}"
EndProject
Project("{FAE04EC0-301F-11D3-BF4B-00C04F79EFBC}") = "Linq_Sort", "Linq_Sort\Linq_Sort.csproj", "{399F0A5A-5610-4444-BF59-38E106A8429A}"
EndProject
Project("{FAE04EC0-301F-11D3-BF4B-00C04F79EFBC}") = "Linq_SkipTake", "Linq_SkipTake\Linq_SkipTake.csproj", "{0392FA01-3DE9-410A-BFC7-E9601DA070D5}"
EndProject
Project("{FAE04EC0-301F-11D3-BF4B-00C04F79EFBC}") = "Linq_Group", "Linq_Group\Linq_Group.csproj", "{8A1BFE7C-A59D-4E0A-877D-87E8C6C36F9B}"
EndProject
Project("{2150E333-8FDC-42A3-9474-1A3956D46DE8}") = "VideoCapture", "VideoCapture", "{4D6BFF8D-707D-449B-8CF3-8A688EC540EB}"
EndProject
Project("{FAE04EC0-301F-11D3-BF4B-00C04F79EFBC}") = "VideoCaptureWPFMVVM", "VideoCaptureWPFMVVM\VideoCaptureWPFMVVM.csproj", "{4972E62F-0095-4A9B-ACA1-C88825E77393}"
EndProject
Project("{2150E333-8FDC-42A3-9474-1A3956D46DE8}") = "XML", "XML", "{8C6C7543-C457-4F89-99C5-753B913842A1}"
EndProject
Project("{FAE04EC0-301F-11D3-BF4B-00C04F79EFBC}") = "XML_1", "XML_1\XML_1.csproj", "{28993AD9-3D68-4B57-82F5-DA794BC3CA49}"
EndProject
Project("{FAE04EC0-301F-11D3-BF4B-00C04F79EFBC}") = "XML_2", "XML_2\XML_2.csproj", "{43B3B08F-F812-4322-85C1-270FBEA5CDA1}"
EndProject
Project("{FAE04EC0-301F-11D3-BF4B-00C04F79EFBC}") = "XML_3", "XML_3\XML_3.csproj", "{18DC0A1E-30C4-4706-9584-24809788A49F}"
EndProject
Project("{FAE04EC0-301F-11D3-BF4B-00C04F79EFBC}") = "XML_Linq_1", "XML_Linq_1\XML_Linq_1.csproj", "{A1770C0C-F3F2-4D1E-86D9-03D646D29F58}"
EndProject
Project("{FAE04EC0-301F-11D3-BF4B-00C04F79EFBC}") = "XML_Convert_CSV", "XML_Convert_CSV\XML_Convert_CSV.csproj", "{5C5C03CF-4B92-47DF-952F-4E573A90FCD3}"
EndProject
Project("{2150E333-8FDC-42A3-9474-1A3956D46DE8}") = "Parallel LINQ", "Parallel LINQ", "{8EFE747F-61C5-4314-8574-08AFDF34E047}"
EndProject
Project("{FAE04EC0-301F-11D3-BF4B-00C04F79EFBC}") = "Fist_Parallel", "Fist_Parallel\Fist_Parallel.csproj", "{8B8643EB-3547-416A-BFFA-D35747071FE5}"
EndProject
Project("{2150E333-8FDC-42A3-9474-1A3956D46DE8}") = "Domen", "Domen", "{21030B09-966F-46A1-ACD9-BED4BB39700F}"
EndProject
Project("{FAE04EC0-301F-11D3-BF4B-00C04F79EFBC}") = "Domen_1", "Domen_1\Domen_1.csproj", "{74D946CA-8AC4-4A4F-B461-F76DDE38E59B}"
EndProject
Project("{FAE04EC0-301F-11D3-BF4B-00C04F79EFBC}") = "Domen_2", "Domen_2\Domen_2.csproj", "{EC797E3A-02D3-4FFC-94A1-FCD93542E218}"
EndProject
Project("{2150E333-8FDC-42A3-9474-1A3956D46DE8}") = "Service", "Service", "{CAA8E374-DCAE-45CF-BE06-76345D450567}"
EndProject
Project("{FAE04EC0-301F-11D3-BF4B-00C04F79EFBC}") = "WindowsServiceTest1", "WindowsServiceTest1\WindowsServiceTest1.csproj", "{06A2AEF9-480E-4B31-9BA9-02A6999FF6D0}"
EndProject
Global
	GlobalSection(SolutionConfigurationPlatforms) = preSolution
		Debug|Any CPU = Debug|Any CPU
		Debug|x64 = Debug|x64
		Debug|x86 = Debug|x86
		Release|Any CPU = Release|Any CPU
		Release|x64 = Release|x64
		Release|x86 = Release|x86
	EndGlobalSection
	GlobalSection(ProjectConfigurationPlatforms) = postSolution
		{1D653A01-7408-4A1D-9378-CD40A770ACEA}.Debug|Any CPU.ActiveCfg = Debug|Any CPU
		{1D653A01-7408-4A1D-9378-CD40A770ACEA}.Debug|Any CPU.Build.0 = Debug|Any CPU
		{1D653A01-7408-4A1D-9378-CD40A770ACEA}.Debug|x64.ActiveCfg = Debug|Any CPU
		{1D653A01-7408-4A1D-9378-CD40A770ACEA}.Debug|x64.Build.0 = Debug|Any CPU
		{1D653A01-7408-4A1D-9378-CD40A770ACEA}.Debug|x86.ActiveCfg = Debug|Any CPU
		{1D653A01-7408-4A1D-9378-CD40A770ACEA}.Debug|x86.Build.0 = Debug|Any CPU
		{1D653A01-7408-4A1D-9378-CD40A770ACEA}.Release|Any CPU.ActiveCfg = Release|Any CPU
		{1D653A01-7408-4A1D-9378-CD40A770ACEA}.Release|Any CPU.Build.0 = Release|Any CPU
		{1D653A01-7408-4A1D-9378-CD40A770ACEA}.Release|x64.ActiveCfg = Release|Any CPU
		{1D653A01-7408-4A1D-9378-CD40A770ACEA}.Release|x64.Build.0 = Release|Any CPU
		{1D653A01-7408-4A1D-9378-CD40A770ACEA}.Release|x86.ActiveCfg = Release|Any CPU
		{1D653A01-7408-4A1D-9378-CD40A770ACEA}.Release|x86.Build.0 = Release|Any CPU
		{569362CF-442D-431E-AB98-AFE98A809D50}.Debug|Any CPU.ActiveCfg = Debug|Any CPU
		{569362CF-442D-431E-AB98-AFE98A809D50}.Debug|Any CPU.Build.0 = Debug|Any CPU
		{569362CF-442D-431E-AB98-AFE98A809D50}.Debug|x64.ActiveCfg = Debug|Any CPU
		{569362CF-442D-431E-AB98-AFE98A809D50}.Debug|x64.Build.0 = Debug|Any CPU
		{569362CF-442D-431E-AB98-AFE98A809D50}.Debug|x86.ActiveCfg = Debug|Any CPU
		{569362CF-442D-431E-AB98-AFE98A809D50}.Debug|x86.Build.0 = Debug|Any CPU
		{569362CF-442D-431E-AB98-AFE98A809D50}.Release|Any CPU.ActiveCfg = Release|Any CPU
		{569362CF-442D-431E-AB98-AFE98A809D50}.Release|Any CPU.Build.0 = Release|Any CPU
		{569362CF-442D-431E-AB98-AFE98A809D50}.Release|x64.ActiveCfg = Release|Any CPU
		{569362CF-442D-431E-AB98-AFE98A809D50}.Release|x64.Build.0 = Release|Any CPU
		{569362CF-442D-431E-AB98-AFE98A809D50}.Release|x86.ActiveCfg = Release|Any CPU
		{569362CF-442D-431E-AB98-AFE98A809D50}.Release|x86.Build.0 = Release|Any CPU
		{60F6BEAF-75BD-40DD-85CC-F5D45C743220}.Debug|Any CPU.ActiveCfg = Debug|Any CPU
		{60F6BEAF-75BD-40DD-85CC-F5D45C743220}.Debug|Any CPU.Build.0 = Debug|Any CPU
		{60F6BEAF-75BD-40DD-85CC-F5D45C743220}.Debug|x64.ActiveCfg = Debug|Any CPU
		{60F6BEAF-75BD-40DD-85CC-F5D45C743220}.Debug|x64.Build.0 = Debug|Any CPU
		{60F6BEAF-75BD-40DD-85CC-F5D45C743220}.Debug|x86.ActiveCfg = Debug|Any CPU
		{60F6BEAF-75BD-40DD-85CC-F5D45C743220}.Debug|x86.Build.0 = Debug|Any CPU
		{60F6BEAF-75BD-40DD-85CC-F5D45C743220}.Release|Any CPU.ActiveCfg = Release|Any CPU
		{60F6BEAF-75BD-40DD-85CC-F5D45C743220}.Release|Any CPU.Build.0 = Release|Any CPU
		{60F6BEAF-75BD-40DD-85CC-F5D45C743220}.Release|x64.ActiveCfg = Release|Any CPU
		{60F6BEAF-75BD-40DD-85CC-F5D45C743220}.Release|x64.Build.0 = Release|Any CPU
		{60F6BEAF-75BD-40DD-85CC-F5D45C743220}.Release|x86.ActiveCfg = Release|Any CPU
		{60F6BEAF-75BD-40DD-85CC-F5D45C743220}.Release|x86.Build.0 = Release|Any CPU
		{CC0155C3-C6C5-47CE-ADBF-8414EDC7B46B}.Debug|Any CPU.ActiveCfg = Debug|Any CPU
		{CC0155C3-C6C5-47CE-ADBF-8414EDC7B46B}.Debug|Any CPU.Build.0 = Debug|Any CPU
		{CC0155C3-C6C5-47CE-ADBF-8414EDC7B46B}.Debug|x64.ActiveCfg = Debug|Any CPU
		{CC0155C3-C6C5-47CE-ADBF-8414EDC7B46B}.Debug|x64.Build.0 = Debug|Any CPU
		{CC0155C3-C6C5-47CE-ADBF-8414EDC7B46B}.Debug|x86.ActiveCfg = Debug|Any CPU
		{CC0155C3-C6C5-47CE-ADBF-8414EDC7B46B}.Debug|x86.Build.0 = Debug|Any CPU
		{CC0155C3-C6C5-47CE-ADBF-8414EDC7B46B}.Release|Any CPU.ActiveCfg = Release|Any CPU
		{CC0155C3-C6C5-47CE-ADBF-8414EDC7B46B}.Release|Any CPU.Build.0 = Release|Any CPU
		{CC0155C3-C6C5-47CE-ADBF-8414EDC7B46B}.Release|x64.ActiveCfg = Release|Any CPU
		{CC0155C3-C6C5-47CE-ADBF-8414EDC7B46B}.Release|x64.Build.0 = Release|Any CPU
		{CC0155C3-C6C5-47CE-ADBF-8414EDC7B46B}.Release|x86.ActiveCfg = Release|Any CPU
		{CC0155C3-C6C5-47CE-ADBF-8414EDC7B46B}.Release|x86.Build.0 = Release|Any CPU
		{261B17F7-0198-473F-A2D0-98D800737D53}.Debug|Any CPU.ActiveCfg = Debug|Any CPU
		{261B17F7-0198-473F-A2D0-98D800737D53}.Debug|Any CPU.Build.0 = Debug|Any CPU
		{261B17F7-0198-473F-A2D0-98D800737D53}.Debug|x64.ActiveCfg = Debug|Any CPU
		{261B17F7-0198-473F-A2D0-98D800737D53}.Debug|x64.Build.0 = Debug|Any CPU
		{261B17F7-0198-473F-A2D0-98D800737D53}.Debug|x86.ActiveCfg = Debug|Any CPU
		{261B17F7-0198-473F-A2D0-98D800737D53}.Debug|x86.Build.0 = Debug|Any CPU
		{261B17F7-0198-473F-A2D0-98D800737D53}.Release|Any CPU.ActiveCfg = Release|Any CPU
		{261B17F7-0198-473F-A2D0-98D800737D53}.Release|Any CPU.Build.0 = Release|Any CPU
		{261B17F7-0198-473F-A2D0-98D800737D53}.Release|x64.ActiveCfg = Release|Any CPU
		{261B17F7-0198-473F-A2D0-98D800737D53}.Release|x64.Build.0 = Release|Any CPU
		{261B17F7-0198-473F-A2D0-98D800737D53}.Release|x86.ActiveCfg = Release|Any CPU
		{261B17F7-0198-473F-A2D0-98D800737D53}.Release|x86.Build.0 = Release|Any CPU
		{B04A2D5D-9ADB-4A1D-94BE-A0CCB73119A4}.Debug|Any CPU.ActiveCfg = Debug|Any CPU
		{B04A2D5D-9ADB-4A1D-94BE-A0CCB73119A4}.Debug|Any CPU.Build.0 = Debug|Any CPU
		{B04A2D5D-9ADB-4A1D-94BE-A0CCB73119A4}.Debug|x64.ActiveCfg = Debug|Any CPU
		{B04A2D5D-9ADB-4A1D-94BE-A0CCB73119A4}.Debug|x64.Build.0 = Debug|Any CPU
		{B04A2D5D-9ADB-4A1D-94BE-A0CCB73119A4}.Debug|x86.ActiveCfg = Debug|Any CPU
		{B04A2D5D-9ADB-4A1D-94BE-A0CCB73119A4}.Debug|x86.Build.0 = Debug|Any CPU
		{B04A2D5D-9ADB-4A1D-94BE-A0CCB73119A4}.Release|Any CPU.ActiveCfg = Release|Any CPU
		{B04A2D5D-9ADB-4A1D-94BE-A0CCB73119A4}.Release|Any CPU.Build.0 = Release|Any CPU
		{B04A2D5D-9ADB-4A1D-94BE-A0CCB73119A4}.Release|x64.ActiveCfg = Release|Any CPU
		{B04A2D5D-9ADB-4A1D-94BE-A0CCB73119A4}.Release|x64.Build.0 = Release|Any CPU
		{B04A2D5D-9ADB-4A1D-94BE-A0CCB73119A4}.Release|x86.ActiveCfg = Release|Any CPU
		{B04A2D5D-9ADB-4A1D-94BE-A0CCB73119A4}.Release|x86.Build.0 = Release|Any CPU
		{F45D8CF8-2E63-476D-B87B-410C0A86531B}.Debug|Any CPU.ActiveCfg = Debug|Any CPU
		{F45D8CF8-2E63-476D-B87B-410C0A86531B}.Debug|Any CPU.Build.0 = Debug|Any CPU
		{F45D8CF8-2E63-476D-B87B-410C0A86531B}.Debug|x64.ActiveCfg = Debug|Any CPU
		{F45D8CF8-2E63-476D-B87B-410C0A86531B}.Debug|x64.Build.0 = Debug|Any CPU
		{F45D8CF8-2E63-476D-B87B-410C0A86531B}.Debug|x86.ActiveCfg = Debug|Any CPU
		{F45D8CF8-2E63-476D-B87B-410C0A86531B}.Debug|x86.Build.0 = Debug|Any CPU
		{F45D8CF8-2E63-476D-B87B-410C0A86531B}.Release|Any CPU.ActiveCfg = Release|Any CPU
		{F45D8CF8-2E63-476D-B87B-410C0A86531B}.Release|Any CPU.Build.0 = Release|Any CPU
		{F45D8CF8-2E63-476D-B87B-410C0A86531B}.Release|x64.ActiveCfg = Release|Any CPU
		{F45D8CF8-2E63-476D-B87B-410C0A86531B}.Release|x64.Build.0 = Release|Any CPU
		{F45D8CF8-2E63-476D-B87B-410C0A86531B}.Release|x86.ActiveCfg = Release|Any CPU
		{F45D8CF8-2E63-476D-B87B-410C0A86531B}.Release|x86.Build.0 = Release|Any CPU
		{546B4D98-62FB-41E0-A7F7-35BBC1A30976}.Debug|Any CPU.ActiveCfg = Debug|Any CPU
		{546B4D98-62FB-41E0-A7F7-35BBC1A30976}.Debug|Any CPU.Build.0 = Debug|Any CPU
		{546B4D98-62FB-41E0-A7F7-35BBC1A30976}.Debug|x64.ActiveCfg = Debug|Any CPU
		{546B4D98-62FB-41E0-A7F7-35BBC1A30976}.Debug|x64.Build.0 = Debug|Any CPU
		{546B4D98-62FB-41E0-A7F7-35BBC1A30976}.Debug|x86.ActiveCfg = Debug|Any CPU
		{546B4D98-62FB-41E0-A7F7-35BBC1A30976}.Debug|x86.Build.0 = Debug|Any CPU
		{546B4D98-62FB-41E0-A7F7-35BBC1A30976}.Release|Any CPU.ActiveCfg = Release|Any CPU
		{546B4D98-62FB-41E0-A7F7-35BBC1A30976}.Release|Any CPU.Build.0 = Release|Any CPU
		{546B4D98-62FB-41E0-A7F7-35BBC1A30976}.Release|x64.ActiveCfg = Release|Any CPU
		{546B4D98-62FB-41E0-A7F7-35BBC1A30976}.Release|x64.Build.0 = Release|Any CPU
		{546B4D98-62FB-41E0-A7F7-35BBC1A30976}.Release|x86.ActiveCfg = Release|Any CPU
		{546B4D98-62FB-41E0-A7F7-35BBC1A30976}.Release|x86.Build.0 = Release|Any CPU
		{4A913597-489B-4DB6-B999-6D0949AA529A}.Debug|Any CPU.ActiveCfg = Debug|Any CPU
		{4A913597-489B-4DB6-B999-6D0949AA529A}.Debug|Any CPU.Build.0 = Debug|Any CPU
		{4A913597-489B-4DB6-B999-6D0949AA529A}.Debug|x64.ActiveCfg = Debug|Any CPU
		{4A913597-489B-4DB6-B999-6D0949AA529A}.Debug|x64.Build.0 = Debug|Any CPU
		{4A913597-489B-4DB6-B999-6D0949AA529A}.Debug|x86.ActiveCfg = Debug|Any CPU
		{4A913597-489B-4DB6-B999-6D0949AA529A}.Debug|x86.Build.0 = Debug|Any CPU
		{4A913597-489B-4DB6-B999-6D0949AA529A}.Release|Any CPU.ActiveCfg = Release|Any CPU
		{4A913597-489B-4DB6-B999-6D0949AA529A}.Release|Any CPU.Build.0 = Release|Any CPU
		{4A913597-489B-4DB6-B999-6D0949AA529A}.Release|x64.ActiveCfg = Release|Any CPU
		{4A913597-489B-4DB6-B999-6D0949AA529A}.Release|x64.Build.0 = Release|Any CPU
		{4A913597-489B-4DB6-B999-6D0949AA529A}.Release|x86.ActiveCfg = Release|Any CPU
		{4A913597-489B-4DB6-B999-6D0949AA529A}.Release|x86.Build.0 = Release|Any CPU
		{9EF917B5-143E-4705-B507-3E8A46BAA444}.Debug|Any CPU.ActiveCfg = Debug|Any CPU
		{9EF917B5-143E-4705-B507-3E8A46BAA444}.Debug|Any CPU.Build.0 = Debug|Any CPU
		{9EF917B5-143E-4705-B507-3E8A46BAA444}.Debug|x64.ActiveCfg = Debug|Any CPU
		{9EF917B5-143E-4705-B507-3E8A46BAA444}.Debug|x64.Build.0 = Debug|Any CPU
		{9EF917B5-143E-4705-B507-3E8A46BAA444}.Debug|x86.ActiveCfg = Debug|Any CPU
		{9EF917B5-143E-4705-B507-3E8A46BAA444}.Debug|x86.Build.0 = Debug|Any CPU
		{9EF917B5-143E-4705-B507-3E8A46BAA444}.Release|Any CPU.ActiveCfg = Release|Any CPU
		{9EF917B5-143E-4705-B507-3E8A46BAA444}.Release|Any CPU.Build.0 = Release|Any CPU
		{9EF917B5-143E-4705-B507-3E8A46BAA444}.Release|x64.ActiveCfg = Release|Any CPU
		{9EF917B5-143E-4705-B507-3E8A46BAA444}.Release|x64.Build.0 = Release|Any CPU
		{9EF917B5-143E-4705-B507-3E8A46BAA444}.Release|x86.ActiveCfg = Release|Any CPU
		{9EF917B5-143E-4705-B507-3E8A46BAA444}.Release|x86.Build.0 = Release|Any CPU
		{532D9027-A911-4D63-9AC6-2AE255C1D206}.Debug|Any CPU.ActiveCfg = Debug|Any CPU
		{532D9027-A911-4D63-9AC6-2AE255C1D206}.Debug|Any CPU.Build.0 = Debug|Any CPU
		{532D9027-A911-4D63-9AC6-2AE255C1D206}.Debug|x64.ActiveCfg = Debug|Any CPU
		{532D9027-A911-4D63-9AC6-2AE255C1D206}.Debug|x64.Build.0 = Debug|Any CPU
		{532D9027-A911-4D63-9AC6-2AE255C1D206}.Debug|x86.ActiveCfg = Debug|Any CPU
		{532D9027-A911-4D63-9AC6-2AE255C1D206}.Debug|x86.Build.0 = Debug|Any CPU
		{532D9027-A911-4D63-9AC6-2AE255C1D206}.Release|Any CPU.ActiveCfg = Release|Any CPU
		{532D9027-A911-4D63-9AC6-2AE255C1D206}.Release|Any CPU.Build.0 = Release|Any CPU
		{532D9027-A911-4D63-9AC6-2AE255C1D206}.Release|x64.ActiveCfg = Release|Any CPU
		{532D9027-A911-4D63-9AC6-2AE255C1D206}.Release|x64.Build.0 = Release|Any CPU
		{532D9027-A911-4D63-9AC6-2AE255C1D206}.Release|x86.ActiveCfg = Release|Any CPU
		{532D9027-A911-4D63-9AC6-2AE255C1D206}.Release|x86.Build.0 = Release|Any CPU
		{9781FE54-5D6F-41E6-AEC5-989B1863694B}.Debug|Any CPU.ActiveCfg = Debug|Any CPU
		{9781FE54-5D6F-41E6-AEC5-989B1863694B}.Debug|Any CPU.Build.0 = Debug|Any CPU
		{9781FE54-5D6F-41E6-AEC5-989B1863694B}.Debug|x64.ActiveCfg = Debug|Any CPU
		{9781FE54-5D6F-41E6-AEC5-989B1863694B}.Debug|x64.Build.0 = Debug|Any CPU
		{9781FE54-5D6F-41E6-AEC5-989B1863694B}.Debug|x86.ActiveCfg = Debug|Any CPU
		{9781FE54-5D6F-41E6-AEC5-989B1863694B}.Debug|x86.Build.0 = Debug|Any CPU
		{9781FE54-5D6F-41E6-AEC5-989B1863694B}.Release|Any CPU.ActiveCfg = Release|Any CPU
		{9781FE54-5D6F-41E6-AEC5-989B1863694B}.Release|Any CPU.Build.0 = Release|Any CPU
		{9781FE54-5D6F-41E6-AEC5-989B1863694B}.Release|x64.ActiveCfg = Release|Any CPU
		{9781FE54-5D6F-41E6-AEC5-989B1863694B}.Release|x64.Build.0 = Release|Any CPU
		{9781FE54-5D6F-41E6-AEC5-989B1863694B}.Release|x86.ActiveCfg = Release|Any CPU
		{9781FE54-5D6F-41E6-AEC5-989B1863694B}.Release|x86.Build.0 = Release|Any CPU
		{E14D7727-BD21-4121-83C0-9B8E292A2922}.Debug|Any CPU.ActiveCfg = Debug|Any CPU
		{E14D7727-BD21-4121-83C0-9B8E292A2922}.Debug|Any CPU.Build.0 = Debug|Any CPU
		{E14D7727-BD21-4121-83C0-9B8E292A2922}.Debug|x64.ActiveCfg = Debug|Any CPU
		{E14D7727-BD21-4121-83C0-9B8E292A2922}.Debug|x64.Build.0 = Debug|Any CPU
		{E14D7727-BD21-4121-83C0-9B8E292A2922}.Debug|x86.ActiveCfg = Debug|Any CPU
		{E14D7727-BD21-4121-83C0-9B8E292A2922}.Debug|x86.Build.0 = Debug|Any CPU
		{E14D7727-BD21-4121-83C0-9B8E292A2922}.Release|Any CPU.ActiveCfg = Release|Any CPU
		{E14D7727-BD21-4121-83C0-9B8E292A2922}.Release|Any CPU.Build.0 = Release|Any CPU
		{E14D7727-BD21-4121-83C0-9B8E292A2922}.Release|x64.ActiveCfg = Release|Any CPU
		{E14D7727-BD21-4121-83C0-9B8E292A2922}.Release|x64.Build.0 = Release|Any CPU
		{E14D7727-BD21-4121-83C0-9B8E292A2922}.Release|x86.ActiveCfg = Release|Any CPU
		{E14D7727-BD21-4121-83C0-9B8E292A2922}.Release|x86.Build.0 = Release|Any CPU
		{DC04A7F3-36C1-42C4-83C4-46223BE12DDE}.Debug|Any CPU.ActiveCfg = Debug|Any CPU
		{DC04A7F3-36C1-42C4-83C4-46223BE12DDE}.Debug|Any CPU.Build.0 = Debug|Any CPU
		{DC04A7F3-36C1-42C4-83C4-46223BE12DDE}.Debug|x64.ActiveCfg = Debug|Any CPU
		{DC04A7F3-36C1-42C4-83C4-46223BE12DDE}.Debug|x64.Build.0 = Debug|Any CPU
		{DC04A7F3-36C1-42C4-83C4-46223BE12DDE}.Debug|x86.ActiveCfg = Debug|Any CPU
		{DC04A7F3-36C1-42C4-83C4-46223BE12DDE}.Debug|x86.Build.0 = Debug|Any CPU
		{DC04A7F3-36C1-42C4-83C4-46223BE12DDE}.Release|Any CPU.ActiveCfg = Release|Any CPU
		{DC04A7F3-36C1-42C4-83C4-46223BE12DDE}.Release|Any CPU.Build.0 = Release|Any CPU
		{DC04A7F3-36C1-42C4-83C4-46223BE12DDE}.Release|x64.ActiveCfg = Release|Any CPU
		{DC04A7F3-36C1-42C4-83C4-46223BE12DDE}.Release|x64.Build.0 = Release|Any CPU
		{DC04A7F3-36C1-42C4-83C4-46223BE12DDE}.Release|x86.ActiveCfg = Release|Any CPU
		{DC04A7F3-36C1-42C4-83C4-46223BE12DDE}.Release|x86.Build.0 = Release|Any CPU
		{8297CCF2-4ED7-4305-B28F-7D1BA5FA7EE0}.Debug|Any CPU.ActiveCfg = Debug|Any CPU
		{8297CCF2-4ED7-4305-B28F-7D1BA5FA7EE0}.Debug|Any CPU.Build.0 = Debug|Any CPU
		{8297CCF2-4ED7-4305-B28F-7D1BA5FA7EE0}.Debug|x64.ActiveCfg = Debug|Any CPU
		{8297CCF2-4ED7-4305-B28F-7D1BA5FA7EE0}.Debug|x64.Build.0 = Debug|Any CPU
		{8297CCF2-4ED7-4305-B28F-7D1BA5FA7EE0}.Debug|x86.ActiveCfg = Debug|Any CPU
		{8297CCF2-4ED7-4305-B28F-7D1BA5FA7EE0}.Debug|x86.Build.0 = Debug|Any CPU
		{8297CCF2-4ED7-4305-B28F-7D1BA5FA7EE0}.Release|Any CPU.ActiveCfg = Release|Any CPU
		{8297CCF2-4ED7-4305-B28F-7D1BA5FA7EE0}.Release|Any CPU.Build.0 = Release|Any CPU
		{8297CCF2-4ED7-4305-B28F-7D1BA5FA7EE0}.Release|x64.ActiveCfg = Release|Any CPU
		{8297CCF2-4ED7-4305-B28F-7D1BA5FA7EE0}.Release|x64.Build.0 = Release|Any CPU
		{8297CCF2-4ED7-4305-B28F-7D1BA5FA7EE0}.Release|x86.ActiveCfg = Release|Any CPU
		{8297CCF2-4ED7-4305-B28F-7D1BA5FA7EE0}.Release|x86.Build.0 = Release|Any CPU
		{1BE04083-C629-4E07-BCC0-0CDB981B61C7}.Debug|Any CPU.ActiveCfg = Debug|Any CPU
		{1BE04083-C629-4E07-BCC0-0CDB981B61C7}.Debug|Any CPU.Build.0 = Debug|Any CPU
		{1BE04083-C629-4E07-BCC0-0CDB981B61C7}.Debug|x64.ActiveCfg = Debug|Any CPU
		{1BE04083-C629-4E07-BCC0-0CDB981B61C7}.Debug|x64.Build.0 = Debug|Any CPU
		{1BE04083-C629-4E07-BCC0-0CDB981B61C7}.Debug|x86.ActiveCfg = Debug|Any CPU
		{1BE04083-C629-4E07-BCC0-0CDB981B61C7}.Debug|x86.Build.0 = Debug|Any CPU
		{1BE04083-C629-4E07-BCC0-0CDB981B61C7}.Release|Any CPU.ActiveCfg = Release|Any CPU
		{1BE04083-C629-4E07-BCC0-0CDB981B61C7}.Release|Any CPU.Build.0 = Release|Any CPU
		{1BE04083-C629-4E07-BCC0-0CDB981B61C7}.Release|x64.ActiveCfg = Release|Any CPU
		{1BE04083-C629-4E07-BCC0-0CDB981B61C7}.Release|x64.Build.0 = Release|Any CPU
		{1BE04083-C629-4E07-BCC0-0CDB981B61C7}.Release|x86.ActiveCfg = Release|Any CPU
		{1BE04083-C629-4E07-BCC0-0CDB981B61C7}.Release|x86.Build.0 = Release|Any CPU
		{24BEE32F-60B4-46E1-8E09-D282DBD83EEE}.Debug|Any CPU.ActiveCfg = Debug|Any CPU
		{24BEE32F-60B4-46E1-8E09-D282DBD83EEE}.Debug|Any CPU.Build.0 = Debug|Any CPU
		{24BEE32F-60B4-46E1-8E09-D282DBD83EEE}.Debug|x64.ActiveCfg = Debug|Any CPU
		{24BEE32F-60B4-46E1-8E09-D282DBD83EEE}.Debug|x64.Build.0 = Debug|Any CPU
		{24BEE32F-60B4-46E1-8E09-D282DBD83EEE}.Debug|x86.ActiveCfg = Debug|Any CPU
		{24BEE32F-60B4-46E1-8E09-D282DBD83EEE}.Debug|x86.Build.0 = Debug|Any CPU
		{24BEE32F-60B4-46E1-8E09-D282DBD83EEE}.Release|Any CPU.ActiveCfg = Release|Any CPU
		{24BEE32F-60B4-46E1-8E09-D282DBD83EEE}.Release|Any CPU.Build.0 = Release|Any CPU
		{24BEE32F-60B4-46E1-8E09-D282DBD83EEE}.Release|x64.ActiveCfg = Release|Any CPU
		{24BEE32F-60B4-46E1-8E09-D282DBD83EEE}.Release|x64.Build.0 = Release|Any CPU
		{24BEE32F-60B4-46E1-8E09-D282DBD83EEE}.Release|x86.ActiveCfg = Release|Any CPU
		{24BEE32F-60B4-46E1-8E09-D282DBD83EEE}.Release|x86.Build.0 = Release|Any CPU
		{8CC2CF8A-49A6-47D9-88D5-59FA977EFBF1}.Debug|Any CPU.ActiveCfg = Debug|Any CPU
		{8CC2CF8A-49A6-47D9-88D5-59FA977EFBF1}.Debug|Any CPU.Build.0 = Debug|Any CPU
		{8CC2CF8A-49A6-47D9-88D5-59FA977EFBF1}.Debug|x64.ActiveCfg = Debug|Any CPU
		{8CC2CF8A-49A6-47D9-88D5-59FA977EFBF1}.Debug|x64.Build.0 = Debug|Any CPU
		{8CC2CF8A-49A6-47D9-88D5-59FA977EFBF1}.Debug|x86.ActiveCfg = Debug|Any CPU
		{8CC2CF8A-49A6-47D9-88D5-59FA977EFBF1}.Debug|x86.Build.0 = Debug|Any CPU
		{8CC2CF8A-49A6-47D9-88D5-59FA977EFBF1}.Release|Any CPU.ActiveCfg = Release|Any CPU
		{8CC2CF8A-49A6-47D9-88D5-59FA977EFBF1}.Release|Any CPU.Build.0 = Release|Any CPU
		{8CC2CF8A-49A6-47D9-88D5-59FA977EFBF1}.Release|x64.ActiveCfg = Release|Any CPU
		{8CC2CF8A-49A6-47D9-88D5-59FA977EFBF1}.Release|x64.Build.0 = Release|Any CPU
		{8CC2CF8A-49A6-47D9-88D5-59FA977EFBF1}.Release|x86.ActiveCfg = Release|Any CPU
		{8CC2CF8A-49A6-47D9-88D5-59FA977EFBF1}.Release|x86.Build.0 = Release|Any CPU
		{19D68945-FA36-41A1-81F8-40B3A09E4E79}.Debug|Any CPU.ActiveCfg = Debug|Any CPU
		{19D68945-FA36-41A1-81F8-40B3A09E4E79}.Debug|Any CPU.Build.0 = Debug|Any CPU
		{19D68945-FA36-41A1-81F8-40B3A09E4E79}.Debug|x64.ActiveCfg = Debug|Any CPU
		{19D68945-FA36-41A1-81F8-40B3A09E4E79}.Debug|x64.Build.0 = Debug|Any CPU
		{19D68945-FA36-41A1-81F8-40B3A09E4E79}.Debug|x86.ActiveCfg = Debug|Any CPU
		{19D68945-FA36-41A1-81F8-40B3A09E4E79}.Debug|x86.Build.0 = Debug|Any CPU
		{19D68945-FA36-41A1-81F8-40B3A09E4E79}.Release|Any CPU.ActiveCfg = Release|Any CPU
		{19D68945-FA36-41A1-81F8-40B3A09E4E79}.Release|Any CPU.Build.0 = Release|Any CPU
		{19D68945-FA36-41A1-81F8-40B3A09E4E79}.Release|x64.ActiveCfg = Release|Any CPU
		{19D68945-FA36-41A1-81F8-40B3A09E4E79}.Release|x64.Build.0 = Release|Any CPU
		{19D68945-FA36-41A1-81F8-40B3A09E4E79}.Release|x86.ActiveCfg = Release|Any CPU
		{19D68945-FA36-41A1-81F8-40B3A09E4E79}.Release|x86.Build.0 = Release|Any CPU
		{9AE7EE3E-69AA-437C-A4EA-AF73E71242D0}.Debug|Any CPU.ActiveCfg = Debug|Any CPU
		{9AE7EE3E-69AA-437C-A4EA-AF73E71242D0}.Debug|Any CPU.Build.0 = Debug|Any CPU
		{9AE7EE3E-69AA-437C-A4EA-AF73E71242D0}.Debug|x64.ActiveCfg = Debug|Any CPU
		{9AE7EE3E-69AA-437C-A4EA-AF73E71242D0}.Debug|x64.Build.0 = Debug|Any CPU
		{9AE7EE3E-69AA-437C-A4EA-AF73E71242D0}.Debug|x86.ActiveCfg = Debug|Any CPU
		{9AE7EE3E-69AA-437C-A4EA-AF73E71242D0}.Debug|x86.Build.0 = Debug|Any CPU
		{9AE7EE3E-69AA-437C-A4EA-AF73E71242D0}.Release|Any CPU.ActiveCfg = Release|Any CPU
		{9AE7EE3E-69AA-437C-A4EA-AF73E71242D0}.Release|Any CPU.Build.0 = Release|Any CPU
		{9AE7EE3E-69AA-437C-A4EA-AF73E71242D0}.Release|x64.ActiveCfg = Release|Any CPU
		{9AE7EE3E-69AA-437C-A4EA-AF73E71242D0}.Release|x64.Build.0 = Release|Any CPU
		{9AE7EE3E-69AA-437C-A4EA-AF73E71242D0}.Release|x86.ActiveCfg = Release|Any CPU
		{9AE7EE3E-69AA-437C-A4EA-AF73E71242D0}.Release|x86.Build.0 = Release|Any CPU
		{0FF913EF-315A-48F6-9291-6A9BB1B92C36}.Debug|Any CPU.ActiveCfg = Debug|Any CPU
		{0FF913EF-315A-48F6-9291-6A9BB1B92C36}.Debug|Any CPU.Build.0 = Debug|Any CPU
		{0FF913EF-315A-48F6-9291-6A9BB1B92C36}.Debug|x64.ActiveCfg = Debug|Any CPU
		{0FF913EF-315A-48F6-9291-6A9BB1B92C36}.Debug|x64.Build.0 = Debug|Any CPU
		{0FF913EF-315A-48F6-9291-6A9BB1B92C36}.Debug|x86.ActiveCfg = Debug|Any CPU
		{0FF913EF-315A-48F6-9291-6A9BB1B92C36}.Debug|x86.Build.0 = Debug|Any CPU
		{0FF913EF-315A-48F6-9291-6A9BB1B92C36}.Release|Any CPU.ActiveCfg = Release|Any CPU
		{0FF913EF-315A-48F6-9291-6A9BB1B92C36}.Release|Any CPU.Build.0 = Release|Any CPU
		{0FF913EF-315A-48F6-9291-6A9BB1B92C36}.Release|x64.ActiveCfg = Release|Any CPU
		{0FF913EF-315A-48F6-9291-6A9BB1B92C36}.Release|x64.Build.0 = Release|Any CPU
		{0FF913EF-315A-48F6-9291-6A9BB1B92C36}.Release|x86.ActiveCfg = Release|Any CPU
		{0FF913EF-315A-48F6-9291-6A9BB1B92C36}.Release|x86.Build.0 = Release|Any CPU
		{E064B387-63EA-44D5-A7D9-1C6B835FC005}.Debug|Any CPU.ActiveCfg = Debug|Any CPU
		{E064B387-63EA-44D5-A7D9-1C6B835FC005}.Debug|Any CPU.Build.0 = Debug|Any CPU
		{E064B387-63EA-44D5-A7D9-1C6B835FC005}.Debug|x64.ActiveCfg = Debug|Any CPU
		{E064B387-63EA-44D5-A7D9-1C6B835FC005}.Debug|x64.Build.0 = Debug|Any CPU
		{E064B387-63EA-44D5-A7D9-1C6B835FC005}.Debug|x86.ActiveCfg = Debug|Any CPU
		{E064B387-63EA-44D5-A7D9-1C6B835FC005}.Debug|x86.Build.0 = Debug|Any CPU
		{E064B387-63EA-44D5-A7D9-1C6B835FC005}.Release|Any CPU.ActiveCfg = Release|Any CPU
		{E064B387-63EA-44D5-A7D9-1C6B835FC005}.Release|Any CPU.Build.0 = Release|Any CPU
		{E064B387-63EA-44D5-A7D9-1C6B835FC005}.Release|x64.ActiveCfg = Release|Any CPU
		{E064B387-63EA-44D5-A7D9-1C6B835FC005}.Release|x64.Build.0 = Release|Any CPU
		{E064B387-63EA-44D5-A7D9-1C6B835FC005}.Release|x86.ActiveCfg = Release|Any CPU
		{E064B387-63EA-44D5-A7D9-1C6B835FC005}.Release|x86.Build.0 = Release|Any CPU
		{01E07B32-0A8E-4518-B3A0-F70BC29B40E2}.Debug|Any CPU.ActiveCfg = Debug|Any CPU
		{01E07B32-0A8E-4518-B3A0-F70BC29B40E2}.Debug|Any CPU.Build.0 = Debug|Any CPU
		{01E07B32-0A8E-4518-B3A0-F70BC29B40E2}.Debug|x64.ActiveCfg = Debug|Any CPU
		{01E07B32-0A8E-4518-B3A0-F70BC29B40E2}.Debug|x64.Build.0 = Debug|Any CPU
		{01E07B32-0A8E-4518-B3A0-F70BC29B40E2}.Debug|x86.ActiveCfg = Debug|Any CPU
		{01E07B32-0A8E-4518-B3A0-F70BC29B40E2}.Debug|x86.Build.0 = Debug|Any CPU
		{01E07B32-0A8E-4518-B3A0-F70BC29B40E2}.Release|Any CPU.ActiveCfg = Release|Any CPU
		{01E07B32-0A8E-4518-B3A0-F70BC29B40E2}.Release|Any CPU.Build.0 = Release|Any CPU
		{01E07B32-0A8E-4518-B3A0-F70BC29B40E2}.Release|x64.ActiveCfg = Release|Any CPU
		{01E07B32-0A8E-4518-B3A0-F70BC29B40E2}.Release|x64.Build.0 = Release|Any CPU
		{01E07B32-0A8E-4518-B3A0-F70BC29B40E2}.Release|x86.ActiveCfg = Release|Any CPU
		{01E07B32-0A8E-4518-B3A0-F70BC29B40E2}.Release|x86.Build.0 = Release|Any CPU
		{4D98C70C-6AC5-4B7C-ACC0-6A4C179E69D6}.Debug|Any CPU.ActiveCfg = Debug|Any CPU
		{4D98C70C-6AC5-4B7C-ACC0-6A4C179E69D6}.Debug|Any CPU.Build.0 = Debug|Any CPU
		{4D98C70C-6AC5-4B7C-ACC0-6A4C179E69D6}.Debug|x64.ActiveCfg = Debug|Any CPU
		{4D98C70C-6AC5-4B7C-ACC0-6A4C179E69D6}.Debug|x64.Build.0 = Debug|Any CPU
		{4D98C70C-6AC5-4B7C-ACC0-6A4C179E69D6}.Debug|x86.ActiveCfg = Debug|Any CPU
		{4D98C70C-6AC5-4B7C-ACC0-6A4C179E69D6}.Debug|x86.Build.0 = Debug|Any CPU
		{4D98C70C-6AC5-4B7C-ACC0-6A4C179E69D6}.Release|Any CPU.ActiveCfg = Release|Any CPU
		{4D98C70C-6AC5-4B7C-ACC0-6A4C179E69D6}.Release|Any CPU.Build.0 = Release|Any CPU
		{4D98C70C-6AC5-4B7C-ACC0-6A4C179E69D6}.Release|x64.ActiveCfg = Release|Any CPU
		{4D98C70C-6AC5-4B7C-ACC0-6A4C179E69D6}.Release|x64.Build.0 = Release|Any CPU
		{4D98C70C-6AC5-4B7C-ACC0-6A4C179E69D6}.Release|x86.ActiveCfg = Release|Any CPU
		{4D98C70C-6AC5-4B7C-ACC0-6A4C179E69D6}.Release|x86.Build.0 = Release|Any CPU
		{E668E761-2B7B-4E1D-866E-3DDD7BA4B822}.Debug|Any CPU.ActiveCfg = Debug|Any CPU
		{E668E761-2B7B-4E1D-866E-3DDD7BA4B822}.Debug|Any CPU.Build.0 = Debug|Any CPU
		{E668E761-2B7B-4E1D-866E-3DDD7BA4B822}.Debug|x64.ActiveCfg = Debug|Any CPU
		{E668E761-2B7B-4E1D-866E-3DDD7BA4B822}.Debug|x64.Build.0 = Debug|Any CPU
		{E668E761-2B7B-4E1D-866E-3DDD7BA4B822}.Debug|x86.ActiveCfg = Debug|Any CPU
		{E668E761-2B7B-4E1D-866E-3DDD7BA4B822}.Debug|x86.Build.0 = Debug|Any CPU
		{E668E761-2B7B-4E1D-866E-3DDD7BA4B822}.Release|Any CPU.ActiveCfg = Release|Any CPU
		{E668E761-2B7B-4E1D-866E-3DDD7BA4B822}.Release|Any CPU.Build.0 = Release|Any CPU
		{E668E761-2B7B-4E1D-866E-3DDD7BA4B822}.Release|x64.ActiveCfg = Release|Any CPU
		{E668E761-2B7B-4E1D-866E-3DDD7BA4B822}.Release|x64.Build.0 = Release|Any CPU
		{E668E761-2B7B-4E1D-866E-3DDD7BA4B822}.Release|x86.ActiveCfg = Release|Any CPU
		{E668E761-2B7B-4E1D-866E-3DDD7BA4B822}.Release|x86.Build.0 = Release|Any CPU
		{EA616EA1-A2DC-4BED-AB18-E6B563C49297}.Debug|Any CPU.ActiveCfg = Debug|Any CPU
		{EA616EA1-A2DC-4BED-AB18-E6B563C49297}.Debug|Any CPU.Build.0 = Debug|Any CPU
		{EA616EA1-A2DC-4BED-AB18-E6B563C49297}.Debug|x64.ActiveCfg = Debug|Any CPU
		{EA616EA1-A2DC-4BED-AB18-E6B563C49297}.Debug|x64.Build.0 = Debug|Any CPU
		{EA616EA1-A2DC-4BED-AB18-E6B563C49297}.Debug|x86.ActiveCfg = Debug|Any CPU
		{EA616EA1-A2DC-4BED-AB18-E6B563C49297}.Debug|x86.Build.0 = Debug|Any CPU
		{EA616EA1-A2DC-4BED-AB18-E6B563C49297}.Release|Any CPU.ActiveCfg = Release|Any CPU
		{EA616EA1-A2DC-4BED-AB18-E6B563C49297}.Release|Any CPU.Build.0 = Release|Any CPU
		{EA616EA1-A2DC-4BED-AB18-E6B563C49297}.Release|x64.ActiveCfg = Release|Any CPU
		{EA616EA1-A2DC-4BED-AB18-E6B563C49297}.Release|x64.Build.0 = Release|Any CPU
		{EA616EA1-A2DC-4BED-AB18-E6B563C49297}.Release|x86.ActiveCfg = Release|Any CPU
		{EA616EA1-A2DC-4BED-AB18-E6B563C49297}.Release|x86.Build.0 = Release|Any CPU
		{6CEB9BA8-88A3-41CE-BC77-E5DF03594DAF}.Debug|Any CPU.ActiveCfg = Debug|Any CPU
		{6CEB9BA8-88A3-41CE-BC77-E5DF03594DAF}.Debug|Any CPU.Build.0 = Debug|Any CPU
		{6CEB9BA8-88A3-41CE-BC77-E5DF03594DAF}.Debug|x64.ActiveCfg = Debug|Any CPU
		{6CEB9BA8-88A3-41CE-BC77-E5DF03594DAF}.Debug|x64.Build.0 = Debug|Any CPU
		{6CEB9BA8-88A3-41CE-BC77-E5DF03594DAF}.Debug|x86.ActiveCfg = Debug|Any CPU
		{6CEB9BA8-88A3-41CE-BC77-E5DF03594DAF}.Debug|x86.Build.0 = Debug|Any CPU
		{6CEB9BA8-88A3-41CE-BC77-E5DF03594DAF}.Release|Any CPU.ActiveCfg = Release|Any CPU
		{6CEB9BA8-88A3-41CE-BC77-E5DF03594DAF}.Release|Any CPU.Build.0 = Release|Any CPU
		{6CEB9BA8-88A3-41CE-BC77-E5DF03594DAF}.Release|x64.ActiveCfg = Release|Any CPU
		{6CEB9BA8-88A3-41CE-BC77-E5DF03594DAF}.Release|x64.Build.0 = Release|Any CPU
		{6CEB9BA8-88A3-41CE-BC77-E5DF03594DAF}.Release|x86.ActiveCfg = Release|Any CPU
		{6CEB9BA8-88A3-41CE-BC77-E5DF03594DAF}.Release|x86.Build.0 = Release|Any CPU
		{1E21371B-A57D-4F1A-BC22-7723453258C9}.Debug|Any CPU.ActiveCfg = Debug|Any CPU
		{1E21371B-A57D-4F1A-BC22-7723453258C9}.Debug|Any CPU.Build.0 = Debug|Any CPU
		{1E21371B-A57D-4F1A-BC22-7723453258C9}.Debug|x64.ActiveCfg = Debug|Any CPU
		{1E21371B-A57D-4F1A-BC22-7723453258C9}.Debug|x64.Build.0 = Debug|Any CPU
		{1E21371B-A57D-4F1A-BC22-7723453258C9}.Debug|x86.ActiveCfg = Debug|Any CPU
		{1E21371B-A57D-4F1A-BC22-7723453258C9}.Debug|x86.Build.0 = Debug|Any CPU
		{1E21371B-A57D-4F1A-BC22-7723453258C9}.Release|Any CPU.ActiveCfg = Release|Any CPU
		{1E21371B-A57D-4F1A-BC22-7723453258C9}.Release|Any CPU.Build.0 = Release|Any CPU
		{1E21371B-A57D-4F1A-BC22-7723453258C9}.Release|x64.ActiveCfg = Release|Any CPU
		{1E21371B-A57D-4F1A-BC22-7723453258C9}.Release|x64.Build.0 = Release|Any CPU
		{1E21371B-A57D-4F1A-BC22-7723453258C9}.Release|x86.ActiveCfg = Release|Any CPU
		{1E21371B-A57D-4F1A-BC22-7723453258C9}.Release|x86.Build.0 = Release|Any CPU
		{3799AD85-421A-47D6-8794-8BEF9119B63F}.Debug|Any CPU.ActiveCfg = Debug|Any CPU
		{3799AD85-421A-47D6-8794-8BEF9119B63F}.Debug|Any CPU.Build.0 = Debug|Any CPU
		{3799AD85-421A-47D6-8794-8BEF9119B63F}.Debug|x64.ActiveCfg = Debug|Any CPU
		{3799AD85-421A-47D6-8794-8BEF9119B63F}.Debug|x64.Build.0 = Debug|Any CPU
		{3799AD85-421A-47D6-8794-8BEF9119B63F}.Debug|x86.ActiveCfg = Debug|Any CPU
		{3799AD85-421A-47D6-8794-8BEF9119B63F}.Debug|x86.Build.0 = Debug|Any CPU
		{3799AD85-421A-47D6-8794-8BEF9119B63F}.Release|Any CPU.ActiveCfg = Release|Any CPU
		{3799AD85-421A-47D6-8794-8BEF9119B63F}.Release|Any CPU.Build.0 = Release|Any CPU
		{3799AD85-421A-47D6-8794-8BEF9119B63F}.Release|x64.ActiveCfg = Release|Any CPU
		{3799AD85-421A-47D6-8794-8BEF9119B63F}.Release|x64.Build.0 = Release|Any CPU
		{3799AD85-421A-47D6-8794-8BEF9119B63F}.Release|x86.ActiveCfg = Release|Any CPU
		{3799AD85-421A-47D6-8794-8BEF9119B63F}.Release|x86.Build.0 = Release|Any CPU
		{8622EB51-558F-4DED-B36F-231822A6990B}.Debug|Any CPU.ActiveCfg = Debug|Any CPU
		{8622EB51-558F-4DED-B36F-231822A6990B}.Debug|Any CPU.Build.0 = Debug|Any CPU
		{8622EB51-558F-4DED-B36F-231822A6990B}.Debug|x64.ActiveCfg = Debug|Any CPU
		{8622EB51-558F-4DED-B36F-231822A6990B}.Debug|x64.Build.0 = Debug|Any CPU
		{8622EB51-558F-4DED-B36F-231822A6990B}.Debug|x86.ActiveCfg = Debug|Any CPU
		{8622EB51-558F-4DED-B36F-231822A6990B}.Debug|x86.Build.0 = Debug|Any CPU
		{8622EB51-558F-4DED-B36F-231822A6990B}.Release|Any CPU.ActiveCfg = Release|Any CPU
		{8622EB51-558F-4DED-B36F-231822A6990B}.Release|Any CPU.Build.0 = Release|Any CPU
		{8622EB51-558F-4DED-B36F-231822A6990B}.Release|x64.ActiveCfg = Release|Any CPU
		{8622EB51-558F-4DED-B36F-231822A6990B}.Release|x64.Build.0 = Release|Any CPU
		{8622EB51-558F-4DED-B36F-231822A6990B}.Release|x86.ActiveCfg = Release|Any CPU
		{8622EB51-558F-4DED-B36F-231822A6990B}.Release|x86.Build.0 = Release|Any CPU
		{57052283-DD1E-4852-B689-4E8CA85D6A22}.Debug|Any CPU.ActiveCfg = Debug|Any CPU
		{57052283-DD1E-4852-B689-4E8CA85D6A22}.Debug|Any CPU.Build.0 = Debug|Any CPU
		{57052283-DD1E-4852-B689-4E8CA85D6A22}.Debug|x64.ActiveCfg = Debug|Any CPU
		{57052283-DD1E-4852-B689-4E8CA85D6A22}.Debug|x64.Build.0 = Debug|Any CPU
		{57052283-DD1E-4852-B689-4E8CA85D6A22}.Debug|x86.ActiveCfg = Debug|Any CPU
		{57052283-DD1E-4852-B689-4E8CA85D6A22}.Debug|x86.Build.0 = Debug|Any CPU
		{57052283-DD1E-4852-B689-4E8CA85D6A22}.Release|Any CPU.ActiveCfg = Release|Any CPU
		{57052283-DD1E-4852-B689-4E8CA85D6A22}.Release|Any CPU.Build.0 = Release|Any CPU
		{57052283-DD1E-4852-B689-4E8CA85D6A22}.Release|x64.ActiveCfg = Release|Any CPU
		{57052283-DD1E-4852-B689-4E8CA85D6A22}.Release|x64.Build.0 = Release|Any CPU
		{57052283-DD1E-4852-B689-4E8CA85D6A22}.Release|x86.ActiveCfg = Release|Any CPU
		{57052283-DD1E-4852-B689-4E8CA85D6A22}.Release|x86.Build.0 = Release|Any CPU
		{7E33F7D6-B81A-4ED1-88FE-FF5FCD12DBAF}.Debug|Any CPU.ActiveCfg = Debug|Any CPU
		{7E33F7D6-B81A-4ED1-88FE-FF5FCD12DBAF}.Debug|Any CPU.Build.0 = Debug|Any CPU
		{7E33F7D6-B81A-4ED1-88FE-FF5FCD12DBAF}.Debug|x64.ActiveCfg = Debug|Any CPU
		{7E33F7D6-B81A-4ED1-88FE-FF5FCD12DBAF}.Debug|x64.Build.0 = Debug|Any CPU
		{7E33F7D6-B81A-4ED1-88FE-FF5FCD12DBAF}.Debug|x86.ActiveCfg = Debug|Any CPU
		{7E33F7D6-B81A-4ED1-88FE-FF5FCD12DBAF}.Debug|x86.Build.0 = Debug|Any CPU
		{7E33F7D6-B81A-4ED1-88FE-FF5FCD12DBAF}.Release|Any CPU.ActiveCfg = Release|Any CPU
		{7E33F7D6-B81A-4ED1-88FE-FF5FCD12DBAF}.Release|Any CPU.Build.0 = Release|Any CPU
		{7E33F7D6-B81A-4ED1-88FE-FF5FCD12DBAF}.Release|x64.ActiveCfg = Release|Any CPU
		{7E33F7D6-B81A-4ED1-88FE-FF5FCD12DBAF}.Release|x64.Build.0 = Release|Any CPU
		{7E33F7D6-B81A-4ED1-88FE-FF5FCD12DBAF}.Release|x86.ActiveCfg = Release|Any CPU
		{7E33F7D6-B81A-4ED1-88FE-FF5FCD12DBAF}.Release|x86.Build.0 = Release|Any CPU
		{1F5DFAF2-171D-4721-BB1D-9E12C8028516}.Debug|Any CPU.ActiveCfg = Debug|Any CPU
		{1F5DFAF2-171D-4721-BB1D-9E12C8028516}.Debug|Any CPU.Build.0 = Debug|Any CPU
		{1F5DFAF2-171D-4721-BB1D-9E12C8028516}.Debug|x64.ActiveCfg = Debug|Any CPU
		{1F5DFAF2-171D-4721-BB1D-9E12C8028516}.Debug|x64.Build.0 = Debug|Any CPU
		{1F5DFAF2-171D-4721-BB1D-9E12C8028516}.Debug|x86.ActiveCfg = Debug|Any CPU
		{1F5DFAF2-171D-4721-BB1D-9E12C8028516}.Debug|x86.Build.0 = Debug|Any CPU
		{1F5DFAF2-171D-4721-BB1D-9E12C8028516}.Release|Any CPU.ActiveCfg = Release|Any CPU
		{1F5DFAF2-171D-4721-BB1D-9E12C8028516}.Release|Any CPU.Build.0 = Release|Any CPU
		{1F5DFAF2-171D-4721-BB1D-9E12C8028516}.Release|x64.ActiveCfg = Release|Any CPU
		{1F5DFAF2-171D-4721-BB1D-9E12C8028516}.Release|x64.Build.0 = Release|Any CPU
		{1F5DFAF2-171D-4721-BB1D-9E12C8028516}.Release|x86.ActiveCfg = Release|Any CPU
		{1F5DFAF2-171D-4721-BB1D-9E12C8028516}.Release|x86.Build.0 = Release|Any CPU
		{FFC7FE30-F3A8-455B-8D3C-FCCA3EB6958B}.Debug|Any CPU.ActiveCfg = Debug|Any CPU
		{FFC7FE30-F3A8-455B-8D3C-FCCA3EB6958B}.Debug|Any CPU.Build.0 = Debug|Any CPU
		{FFC7FE30-F3A8-455B-8D3C-FCCA3EB6958B}.Debug|x64.ActiveCfg = Debug|Any CPU
		{FFC7FE30-F3A8-455B-8D3C-FCCA3EB6958B}.Debug|x64.Build.0 = Debug|Any CPU
		{FFC7FE30-F3A8-455B-8D3C-FCCA3EB6958B}.Debug|x86.ActiveCfg = Debug|Any CPU
		{FFC7FE30-F3A8-455B-8D3C-FCCA3EB6958B}.Debug|x86.Build.0 = Debug|Any CPU
		{FFC7FE30-F3A8-455B-8D3C-FCCA3EB6958B}.Release|Any CPU.ActiveCfg = Release|Any CPU
		{FFC7FE30-F3A8-455B-8D3C-FCCA3EB6958B}.Release|Any CPU.Build.0 = Release|Any CPU
		{FFC7FE30-F3A8-455B-8D3C-FCCA3EB6958B}.Release|x64.ActiveCfg = Release|Any CPU
		{FFC7FE30-F3A8-455B-8D3C-FCCA3EB6958B}.Release|x64.Build.0 = Release|Any CPU
		{FFC7FE30-F3A8-455B-8D3C-FCCA3EB6958B}.Release|x86.ActiveCfg = Release|Any CPU
		{FFC7FE30-F3A8-455B-8D3C-FCCA3EB6958B}.Release|x86.Build.0 = Release|Any CPU
		{62F2E69B-AF27-404B-ADE9-44D840E8A484}.Debug|Any CPU.ActiveCfg = Debug|Any CPU
		{62F2E69B-AF27-404B-ADE9-44D840E8A484}.Debug|Any CPU.Build.0 = Debug|Any CPU
		{62F2E69B-AF27-404B-ADE9-44D840E8A484}.Debug|x64.ActiveCfg = Debug|Any CPU
		{62F2E69B-AF27-404B-ADE9-44D840E8A484}.Debug|x64.Build.0 = Debug|Any CPU
		{62F2E69B-AF27-404B-ADE9-44D840E8A484}.Debug|x86.ActiveCfg = Debug|Any CPU
		{62F2E69B-AF27-404B-ADE9-44D840E8A484}.Debug|x86.Build.0 = Debug|Any CPU
		{62F2E69B-AF27-404B-ADE9-44D840E8A484}.Release|Any CPU.ActiveCfg = Release|Any CPU
		{62F2E69B-AF27-404B-ADE9-44D840E8A484}.Release|Any CPU.Build.0 = Release|Any CPU
		{62F2E69B-AF27-404B-ADE9-44D840E8A484}.Release|x64.ActiveCfg = Release|Any CPU
		{62F2E69B-AF27-404B-ADE9-44D840E8A484}.Release|x64.Build.0 = Release|Any CPU
		{62F2E69B-AF27-404B-ADE9-44D840E8A484}.Release|x86.ActiveCfg = Release|Any CPU
		{62F2E69B-AF27-404B-ADE9-44D840E8A484}.Release|x86.Build.0 = Release|Any CPU
		{5138826F-4C5B-422D-9B72-8CFD42E77A5B}.Debug|Any CPU.ActiveCfg = Debug|Any CPU
		{5138826F-4C5B-422D-9B72-8CFD42E77A5B}.Debug|Any CPU.Build.0 = Debug|Any CPU
		{5138826F-4C5B-422D-9B72-8CFD42E77A5B}.Debug|x64.ActiveCfg = Debug|Any CPU
		{5138826F-4C5B-422D-9B72-8CFD42E77A5B}.Debug|x64.Build.0 = Debug|Any CPU
		{5138826F-4C5B-422D-9B72-8CFD42E77A5B}.Debug|x86.ActiveCfg = Debug|Any CPU
		{5138826F-4C5B-422D-9B72-8CFD42E77A5B}.Debug|x86.Build.0 = Debug|Any CPU
		{5138826F-4C5B-422D-9B72-8CFD42E77A5B}.Release|Any CPU.ActiveCfg = Release|Any CPU
		{5138826F-4C5B-422D-9B72-8CFD42E77A5B}.Release|Any CPU.Build.0 = Release|Any CPU
		{5138826F-4C5B-422D-9B72-8CFD42E77A5B}.Release|x64.ActiveCfg = Release|Any CPU
		{5138826F-4C5B-422D-9B72-8CFD42E77A5B}.Release|x64.Build.0 = Release|Any CPU
		{5138826F-4C5B-422D-9B72-8CFD42E77A5B}.Release|x86.ActiveCfg = Release|Any CPU
		{5138826F-4C5B-422D-9B72-8CFD42E77A5B}.Release|x86.Build.0 = Release|Any CPU
		{C5303970-E4D0-4B7E-B1F2-4134772BEC63}.Debug|Any CPU.ActiveCfg = Debug|Any CPU
		{C5303970-E4D0-4B7E-B1F2-4134772BEC63}.Debug|Any CPU.Build.0 = Debug|Any CPU
		{C5303970-E4D0-4B7E-B1F2-4134772BEC63}.Debug|x64.ActiveCfg = Debug|Any CPU
		{C5303970-E4D0-4B7E-B1F2-4134772BEC63}.Debug|x64.Build.0 = Debug|Any CPU
		{C5303970-E4D0-4B7E-B1F2-4134772BEC63}.Debug|x86.ActiveCfg = Debug|Any CPU
		{C5303970-E4D0-4B7E-B1F2-4134772BEC63}.Debug|x86.Build.0 = Debug|Any CPU
		{C5303970-E4D0-4B7E-B1F2-4134772BEC63}.Release|Any CPU.ActiveCfg = Release|Any CPU
		{C5303970-E4D0-4B7E-B1F2-4134772BEC63}.Release|Any CPU.Build.0 = Release|Any CPU
		{C5303970-E4D0-4B7E-B1F2-4134772BEC63}.Release|x64.ActiveCfg = Release|Any CPU
		{C5303970-E4D0-4B7E-B1F2-4134772BEC63}.Release|x64.Build.0 = Release|Any CPU
		{C5303970-E4D0-4B7E-B1F2-4134772BEC63}.Release|x86.ActiveCfg = Release|Any CPU
		{C5303970-E4D0-4B7E-B1F2-4134772BEC63}.Release|x86.Build.0 = Release|Any CPU
		{CD18F2C8-C1F0-43CA-ACBC-8569E4C9DA28}.Debug|Any CPU.ActiveCfg = Debug|Any CPU
		{CD18F2C8-C1F0-43CA-ACBC-8569E4C9DA28}.Debug|Any CPU.Build.0 = Debug|Any CPU
		{CD18F2C8-C1F0-43CA-ACBC-8569E4C9DA28}.Debug|x64.ActiveCfg = Debug|Any CPU
		{CD18F2C8-C1F0-43CA-ACBC-8569E4C9DA28}.Debug|x64.Build.0 = Debug|Any CPU
		{CD18F2C8-C1F0-43CA-ACBC-8569E4C9DA28}.Debug|x86.ActiveCfg = Debug|Any CPU
		{CD18F2C8-C1F0-43CA-ACBC-8569E4C9DA28}.Debug|x86.Build.0 = Debug|Any CPU
		{CD18F2C8-C1F0-43CA-ACBC-8569E4C9DA28}.Release|Any CPU.ActiveCfg = Release|Any CPU
		{CD18F2C8-C1F0-43CA-ACBC-8569E4C9DA28}.Release|Any CPU.Build.0 = Release|Any CPU
		{CD18F2C8-C1F0-43CA-ACBC-8569E4C9DA28}.Release|x64.ActiveCfg = Release|Any CPU
		{CD18F2C8-C1F0-43CA-ACBC-8569E4C9DA28}.Release|x64.Build.0 = Release|Any CPU
		{CD18F2C8-C1F0-43CA-ACBC-8569E4C9DA28}.Release|x86.ActiveCfg = Release|Any CPU
		{CD18F2C8-C1F0-43CA-ACBC-8569E4C9DA28}.Release|x86.Build.0 = Release|Any CPU
		{24C2B9A4-9582-4196-A3B0-885A72655DA6}.Debug|Any CPU.ActiveCfg = Debug|Any CPU
		{24C2B9A4-9582-4196-A3B0-885A72655DA6}.Debug|Any CPU.Build.0 = Debug|Any CPU
		{24C2B9A4-9582-4196-A3B0-885A72655DA6}.Debug|x64.ActiveCfg = Debug|Any CPU
		{24C2B9A4-9582-4196-A3B0-885A72655DA6}.Debug|x64.Build.0 = Debug|Any CPU
		{24C2B9A4-9582-4196-A3B0-885A72655DA6}.Debug|x86.ActiveCfg = Debug|Any CPU
		{24C2B9A4-9582-4196-A3B0-885A72655DA6}.Debug|x86.Build.0 = Debug|Any CPU
		{24C2B9A4-9582-4196-A3B0-885A72655DA6}.Release|Any CPU.ActiveCfg = Release|Any CPU
		{24C2B9A4-9582-4196-A3B0-885A72655DA6}.Release|Any CPU.Build.0 = Release|Any CPU
		{24C2B9A4-9582-4196-A3B0-885A72655DA6}.Release|x64.ActiveCfg = Release|Any CPU
		{24C2B9A4-9582-4196-A3B0-885A72655DA6}.Release|x64.Build.0 = Release|Any CPU
		{24C2B9A4-9582-4196-A3B0-885A72655DA6}.Release|x86.ActiveCfg = Release|Any CPU
		{24C2B9A4-9582-4196-A3B0-885A72655DA6}.Release|x86.Build.0 = Release|Any CPU
		{E6C5C496-585D-4193-984C-5429953A7F71}.Debug|Any CPU.ActiveCfg = Debug|Any CPU
		{E6C5C496-585D-4193-984C-5429953A7F71}.Debug|Any CPU.Build.0 = Debug|Any CPU
		{E6C5C496-585D-4193-984C-5429953A7F71}.Debug|x64.ActiveCfg = Debug|Any CPU
		{E6C5C496-585D-4193-984C-5429953A7F71}.Debug|x64.Build.0 = Debug|Any CPU
		{E6C5C496-585D-4193-984C-5429953A7F71}.Debug|x86.ActiveCfg = Debug|Any CPU
		{E6C5C496-585D-4193-984C-5429953A7F71}.Debug|x86.Build.0 = Debug|Any CPU
		{E6C5C496-585D-4193-984C-5429953A7F71}.Release|Any CPU.ActiveCfg = Release|Any CPU
		{E6C5C496-585D-4193-984C-5429953A7F71}.Release|Any CPU.Build.0 = Release|Any CPU
		{E6C5C496-585D-4193-984C-5429953A7F71}.Release|x64.ActiveCfg = Release|Any CPU
		{E6C5C496-585D-4193-984C-5429953A7F71}.Release|x64.Build.0 = Release|Any CPU
		{E6C5C496-585D-4193-984C-5429953A7F71}.Release|x86.ActiveCfg = Release|Any CPU
		{E6C5C496-585D-4193-984C-5429953A7F71}.Release|x86.Build.0 = Release|Any CPU
		{899E27BB-68DB-4635-B3E4-30020A7B9564}.Debug|Any CPU.ActiveCfg = Debug|Any CPU
		{899E27BB-68DB-4635-B3E4-30020A7B9564}.Debug|Any CPU.Build.0 = Debug|Any CPU
		{899E27BB-68DB-4635-B3E4-30020A7B9564}.Debug|x64.ActiveCfg = Debug|Any CPU
		{899E27BB-68DB-4635-B3E4-30020A7B9564}.Debug|x64.Build.0 = Debug|Any CPU
		{899E27BB-68DB-4635-B3E4-30020A7B9564}.Debug|x86.ActiveCfg = Debug|Any CPU
		{899E27BB-68DB-4635-B3E4-30020A7B9564}.Debug|x86.Build.0 = Debug|Any CPU
		{899E27BB-68DB-4635-B3E4-30020A7B9564}.Release|Any CPU.ActiveCfg = Release|Any CPU
		{899E27BB-68DB-4635-B3E4-30020A7B9564}.Release|Any CPU.Build.0 = Release|Any CPU
		{899E27BB-68DB-4635-B3E4-30020A7B9564}.Release|x64.ActiveCfg = Release|Any CPU
		{899E27BB-68DB-4635-B3E4-30020A7B9564}.Release|x64.Build.0 = Release|Any CPU
		{899E27BB-68DB-4635-B3E4-30020A7B9564}.Release|x86.ActiveCfg = Release|Any CPU
		{899E27BB-68DB-4635-B3E4-30020A7B9564}.Release|x86.Build.0 = Release|Any CPU
		{55657C7C-D31E-4582-B841-D47F02D55752}.Debug|Any CPU.ActiveCfg = Debug|Any CPU
		{55657C7C-D31E-4582-B841-D47F02D55752}.Debug|Any CPU.Build.0 = Debug|Any CPU
		{55657C7C-D31E-4582-B841-D47F02D55752}.Debug|x64.ActiveCfg = Debug|Any CPU
		{55657C7C-D31E-4582-B841-D47F02D55752}.Debug|x64.Build.0 = Debug|Any CPU
		{55657C7C-D31E-4582-B841-D47F02D55752}.Debug|x86.ActiveCfg = Debug|Any CPU
		{55657C7C-D31E-4582-B841-D47F02D55752}.Debug|x86.Build.0 = Debug|Any CPU
		{55657C7C-D31E-4582-B841-D47F02D55752}.Release|Any CPU.ActiveCfg = Release|Any CPU
		{55657C7C-D31E-4582-B841-D47F02D55752}.Release|Any CPU.Build.0 = Release|Any CPU
		{55657C7C-D31E-4582-B841-D47F02D55752}.Release|x64.ActiveCfg = Release|Any CPU
		{55657C7C-D31E-4582-B841-D47F02D55752}.Release|x64.Build.0 = Release|Any CPU
		{55657C7C-D31E-4582-B841-D47F02D55752}.Release|x86.ActiveCfg = Release|Any CPU
		{55657C7C-D31E-4582-B841-D47F02D55752}.Release|x86.Build.0 = Release|Any CPU
		{F332657F-62AF-4062-A434-FCBE53846C69}.Debug|Any CPU.ActiveCfg = Debug|Any CPU
		{F332657F-62AF-4062-A434-FCBE53846C69}.Debug|Any CPU.Build.0 = Debug|Any CPU
		{F332657F-62AF-4062-A434-FCBE53846C69}.Debug|x64.ActiveCfg = Debug|Any CPU
		{F332657F-62AF-4062-A434-FCBE53846C69}.Debug|x64.Build.0 = Debug|Any CPU
		{F332657F-62AF-4062-A434-FCBE53846C69}.Debug|x86.ActiveCfg = Debug|Any CPU
		{F332657F-62AF-4062-A434-FCBE53846C69}.Debug|x86.Build.0 = Debug|Any CPU
		{F332657F-62AF-4062-A434-FCBE53846C69}.Release|Any CPU.ActiveCfg = Release|Any CPU
		{F332657F-62AF-4062-A434-FCBE53846C69}.Release|Any CPU.Build.0 = Release|Any CPU
		{F332657F-62AF-4062-A434-FCBE53846C69}.Release|x64.ActiveCfg = Release|Any CPU
		{F332657F-62AF-4062-A434-FCBE53846C69}.Release|x64.Build.0 = Release|Any CPU
		{F332657F-62AF-4062-A434-FCBE53846C69}.Release|x86.ActiveCfg = Release|Any CPU
		{F332657F-62AF-4062-A434-FCBE53846C69}.Release|x86.Build.0 = Release|Any CPU
		{5AE43268-D920-4EAF-9ADC-7DE4319BFD5E}.Debug|Any CPU.ActiveCfg = Debug|Any CPU
		{5AE43268-D920-4EAF-9ADC-7DE4319BFD5E}.Debug|Any CPU.Build.0 = Debug|Any CPU
		{5AE43268-D920-4EAF-9ADC-7DE4319BFD5E}.Debug|x64.ActiveCfg = Debug|Any CPU
		{5AE43268-D920-4EAF-9ADC-7DE4319BFD5E}.Debug|x64.Build.0 = Debug|Any CPU
		{5AE43268-D920-4EAF-9ADC-7DE4319BFD5E}.Debug|x86.ActiveCfg = Debug|Any CPU
		{5AE43268-D920-4EAF-9ADC-7DE4319BFD5E}.Debug|x86.Build.0 = Debug|Any CPU
		{5AE43268-D920-4EAF-9ADC-7DE4319BFD5E}.Release|Any CPU.ActiveCfg = Release|Any CPU
		{5AE43268-D920-4EAF-9ADC-7DE4319BFD5E}.Release|Any CPU.Build.0 = Release|Any CPU
		{5AE43268-D920-4EAF-9ADC-7DE4319BFD5E}.Release|x64.ActiveCfg = Release|Any CPU
		{5AE43268-D920-4EAF-9ADC-7DE4319BFD5E}.Release|x64.Build.0 = Release|Any CPU
		{5AE43268-D920-4EAF-9ADC-7DE4319BFD5E}.Release|x86.ActiveCfg = Release|Any CPU
		{5AE43268-D920-4EAF-9ADC-7DE4319BFD5E}.Release|x86.Build.0 = Release|Any CPU
		{E85C6786-CBB3-4B2B-8ED5-A0792ABD143C}.Debug|Any CPU.ActiveCfg = Debug|Any CPU
		{E85C6786-CBB3-4B2B-8ED5-A0792ABD143C}.Debug|Any CPU.Build.0 = Debug|Any CPU
		{E85C6786-CBB3-4B2B-8ED5-A0792ABD143C}.Debug|x64.ActiveCfg = Debug|Any CPU
		{E85C6786-CBB3-4B2B-8ED5-A0792ABD143C}.Debug|x64.Build.0 = Debug|Any CPU
		{E85C6786-CBB3-4B2B-8ED5-A0792ABD143C}.Debug|x86.ActiveCfg = Debug|Any CPU
		{E85C6786-CBB3-4B2B-8ED5-A0792ABD143C}.Debug|x86.Build.0 = Debug|Any CPU
		{E85C6786-CBB3-4B2B-8ED5-A0792ABD143C}.Release|Any CPU.ActiveCfg = Release|Any CPU
		{E85C6786-CBB3-4B2B-8ED5-A0792ABD143C}.Release|Any CPU.Build.0 = Release|Any CPU
		{E85C6786-CBB3-4B2B-8ED5-A0792ABD143C}.Release|x64.ActiveCfg = Release|Any CPU
		{E85C6786-CBB3-4B2B-8ED5-A0792ABD143C}.Release|x64.Build.0 = Release|Any CPU
		{E85C6786-CBB3-4B2B-8ED5-A0792ABD143C}.Release|x86.ActiveCfg = Release|Any CPU
		{E85C6786-CBB3-4B2B-8ED5-A0792ABD143C}.Release|x86.Build.0 = Release|Any CPU
		{399F0A5A-5610-4444-BF59-38E106A8429A}.Debug|Any CPU.ActiveCfg = Debug|Any CPU
		{399F0A5A-5610-4444-BF59-38E106A8429A}.Debug|Any CPU.Build.0 = Debug|Any CPU
		{399F0A5A-5610-4444-BF59-38E106A8429A}.Debug|x64.ActiveCfg = Debug|Any CPU
		{399F0A5A-5610-4444-BF59-38E106A8429A}.Debug|x64.Build.0 = Debug|Any CPU
		{399F0A5A-5610-4444-BF59-38E106A8429A}.Debug|x86.ActiveCfg = Debug|Any CPU
		{399F0A5A-5610-4444-BF59-38E106A8429A}.Debug|x86.Build.0 = Debug|Any CPU
		{399F0A5A-5610-4444-BF59-38E106A8429A}.Release|Any CPU.ActiveCfg = Release|Any CPU
		{399F0A5A-5610-4444-BF59-38E106A8429A}.Release|Any CPU.Build.0 = Release|Any CPU
		{399F0A5A-5610-4444-BF59-38E106A8429A}.Release|x64.ActiveCfg = Release|Any CPU
		{399F0A5A-5610-4444-BF59-38E106A8429A}.Release|x64.Build.0 = Release|Any CPU
		{399F0A5A-5610-4444-BF59-38E106A8429A}.Release|x86.ActiveCfg = Release|Any CPU
		{399F0A5A-5610-4444-BF59-38E106A8429A}.Release|x86.Build.0 = Release|Any CPU
		{0392FA01-3DE9-410A-BFC7-E9601DA070D5}.Debug|Any CPU.ActiveCfg = Debug|Any CPU
		{0392FA01-3DE9-410A-BFC7-E9601DA070D5}.Debug|Any CPU.Build.0 = Debug|Any CPU
		{0392FA01-3DE9-410A-BFC7-E9601DA070D5}.Debug|x64.ActiveCfg = Debug|Any CPU
		{0392FA01-3DE9-410A-BFC7-E9601DA070D5}.Debug|x64.Build.0 = Debug|Any CPU
		{0392FA01-3DE9-410A-BFC7-E9601DA070D5}.Debug|x86.ActiveCfg = Debug|Any CPU
		{0392FA01-3DE9-410A-BFC7-E9601DA070D5}.Debug|x86.Build.0 = Debug|Any CPU
		{0392FA01-3DE9-410A-BFC7-E9601DA070D5}.Release|Any CPU.ActiveCfg = Release|Any CPU
		{0392FA01-3DE9-410A-BFC7-E9601DA070D5}.Release|Any CPU.Build.0 = Release|Any CPU
		{0392FA01-3DE9-410A-BFC7-E9601DA070D5}.Release|x64.ActiveCfg = Release|Any CPU
		{0392FA01-3DE9-410A-BFC7-E9601DA070D5}.Release|x64.Build.0 = Release|Any CPU
		{0392FA01-3DE9-410A-BFC7-E9601DA070D5}.Release|x86.ActiveCfg = Release|Any CPU
		{0392FA01-3DE9-410A-BFC7-E9601DA070D5}.Release|x86.Build.0 = Release|Any CPU
		{8A1BFE7C-A59D-4E0A-877D-87E8C6C36F9B}.Debug|Any CPU.ActiveCfg = Debug|Any CPU
		{8A1BFE7C-A59D-4E0A-877D-87E8C6C36F9B}.Debug|Any CPU.Build.0 = Debug|Any CPU
		{8A1BFE7C-A59D-4E0A-877D-87E8C6C36F9B}.Debug|x64.ActiveCfg = Debug|Any CPU
		{8A1BFE7C-A59D-4E0A-877D-87E8C6C36F9B}.Debug|x64.Build.0 = Debug|Any CPU
		{8A1BFE7C-A59D-4E0A-877D-87E8C6C36F9B}.Debug|x86.ActiveCfg = Debug|Any CPU
		{8A1BFE7C-A59D-4E0A-877D-87E8C6C36F9B}.Debug|x86.Build.0 = Debug|Any CPU
		{8A1BFE7C-A59D-4E0A-877D-87E8C6C36F9B}.Release|Any CPU.ActiveCfg = Release|Any CPU
		{8A1BFE7C-A59D-4E0A-877D-87E8C6C36F9B}.Release|Any CPU.Build.0 = Release|Any CPU
		{8A1BFE7C-A59D-4E0A-877D-87E8C6C36F9B}.Release|x64.ActiveCfg = Release|Any CPU
		{8A1BFE7C-A59D-4E0A-877D-87E8C6C36F9B}.Release|x64.Build.0 = Release|Any CPU
		{8A1BFE7C-A59D-4E0A-877D-87E8C6C36F9B}.Release|x86.ActiveCfg = Release|Any CPU
		{8A1BFE7C-A59D-4E0A-877D-87E8C6C36F9B}.Release|x86.Build.0 = Release|Any CPU
		{4972E62F-0095-4A9B-ACA1-C88825E77393}.Debug|Any CPU.ActiveCfg = Debug|Any CPU
		{4972E62F-0095-4A9B-ACA1-C88825E77393}.Debug|Any CPU.Build.0 = Debug|Any CPU
		{4972E62F-0095-4A9B-ACA1-C88825E77393}.Debug|x64.ActiveCfg = Debug|Any CPU
		{4972E62F-0095-4A9B-ACA1-C88825E77393}.Debug|x64.Build.0 = Debug|Any CPU
		{4972E62F-0095-4A9B-ACA1-C88825E77393}.Debug|x86.ActiveCfg = Debug|Any CPU
		{4972E62F-0095-4A9B-ACA1-C88825E77393}.Debug|x86.Build.0 = Debug|Any CPU
		{4972E62F-0095-4A9B-ACA1-C88825E77393}.Release|Any CPU.ActiveCfg = Release|Any CPU
		{4972E62F-0095-4A9B-ACA1-C88825E77393}.Release|Any CPU.Build.0 = Release|Any CPU
		{4972E62F-0095-4A9B-ACA1-C88825E77393}.Release|x64.ActiveCfg = Release|Any CPU
		{4972E62F-0095-4A9B-ACA1-C88825E77393}.Release|x64.Build.0 = Release|Any CPU
		{4972E62F-0095-4A9B-ACA1-C88825E77393}.Release|x86.ActiveCfg = Release|Any CPU
		{4972E62F-0095-4A9B-ACA1-C88825E77393}.Release|x86.Build.0 = Release|Any CPU
		{28993AD9-3D68-4B57-82F5-DA794BC3CA49}.Debug|Any CPU.ActiveCfg = Debug|Any CPU
		{28993AD9-3D68-4B57-82F5-DA794BC3CA49}.Debug|Any CPU.Build.0 = Debug|Any CPU
		{28993AD9-3D68-4B57-82F5-DA794BC3CA49}.Debug|x64.ActiveCfg = Debug|Any CPU
		{28993AD9-3D68-4B57-82F5-DA794BC3CA49}.Debug|x64.Build.0 = Debug|Any CPU
		{28993AD9-3D68-4B57-82F5-DA794BC3CA49}.Debug|x86.ActiveCfg = Debug|Any CPU
		{28993AD9-3D68-4B57-82F5-DA794BC3CA49}.Debug|x86.Build.0 = Debug|Any CPU
		{28993AD9-3D68-4B57-82F5-DA794BC3CA49}.Release|Any CPU.ActiveCfg = Release|Any CPU
		{28993AD9-3D68-4B57-82F5-DA794BC3CA49}.Release|Any CPU.Build.0 = Release|Any CPU
		{28993AD9-3D68-4B57-82F5-DA794BC3CA49}.Release|x64.ActiveCfg = Release|Any CPU
		{28993AD9-3D68-4B57-82F5-DA794BC3CA49}.Release|x64.Build.0 = Release|Any CPU
		{28993AD9-3D68-4B57-82F5-DA794BC3CA49}.Release|x86.ActiveCfg = Release|Any CPU
		{28993AD9-3D68-4B57-82F5-DA794BC3CA49}.Release|x86.Build.0 = Release|Any CPU
		{43B3B08F-F812-4322-85C1-270FBEA5CDA1}.Debug|Any CPU.ActiveCfg = Debug|Any CPU
		{43B3B08F-F812-4322-85C1-270FBEA5CDA1}.Debug|Any CPU.Build.0 = Debug|Any CPU
		{43B3B08F-F812-4322-85C1-270FBEA5CDA1}.Debug|x64.ActiveCfg = Debug|Any CPU
		{43B3B08F-F812-4322-85C1-270FBEA5CDA1}.Debug|x64.Build.0 = Debug|Any CPU
		{43B3B08F-F812-4322-85C1-270FBEA5CDA1}.Debug|x86.ActiveCfg = Debug|Any CPU
		{43B3B08F-F812-4322-85C1-270FBEA5CDA1}.Debug|x86.Build.0 = Debug|Any CPU
		{43B3B08F-F812-4322-85C1-270FBEA5CDA1}.Release|Any CPU.ActiveCfg = Release|Any CPU
		{43B3B08F-F812-4322-85C1-270FBEA5CDA1}.Release|Any CPU.Build.0 = Release|Any CPU
		{43B3B08F-F812-4322-85C1-270FBEA5CDA1}.Release|x64.ActiveCfg = Release|Any CPU
		{43B3B08F-F812-4322-85C1-270FBEA5CDA1}.Release|x64.Build.0 = Release|Any CPU
		{43B3B08F-F812-4322-85C1-270FBEA5CDA1}.Release|x86.ActiveCfg = Release|Any CPU
		{43B3B08F-F812-4322-85C1-270FBEA5CDA1}.Release|x86.Build.0 = Release|Any CPU
		{18DC0A1E-30C4-4706-9584-24809788A49F}.Debug|Any CPU.ActiveCfg = Debug|Any CPU
		{18DC0A1E-30C4-4706-9584-24809788A49F}.Debug|Any CPU.Build.0 = Debug|Any CPU
		{18DC0A1E-30C4-4706-9584-24809788A49F}.Debug|x64.ActiveCfg = Debug|Any CPU
		{18DC0A1E-30C4-4706-9584-24809788A49F}.Debug|x64.Build.0 = Debug|Any CPU
		{18DC0A1E-30C4-4706-9584-24809788A49F}.Debug|x86.ActiveCfg = Debug|Any CPU
		{18DC0A1E-30C4-4706-9584-24809788A49F}.Debug|x86.Build.0 = Debug|Any CPU
		{18DC0A1E-30C4-4706-9584-24809788A49F}.Release|Any CPU.ActiveCfg = Release|Any CPU
		{18DC0A1E-30C4-4706-9584-24809788A49F}.Release|Any CPU.Build.0 = Release|Any CPU
		{18DC0A1E-30C4-4706-9584-24809788A49F}.Release|x64.ActiveCfg = Release|Any CPU
		{18DC0A1E-30C4-4706-9584-24809788A49F}.Release|x64.Build.0 = Release|Any CPU
		{18DC0A1E-30C4-4706-9584-24809788A49F}.Release|x86.ActiveCfg = Release|Any CPU
		{18DC0A1E-30C4-4706-9584-24809788A49F}.Release|x86.Build.0 = Release|Any CPU
		{A1770C0C-F3F2-4D1E-86D9-03D646D29F58}.Debug|Any CPU.ActiveCfg = Debug|Any CPU
		{A1770C0C-F3F2-4D1E-86D9-03D646D29F58}.Debug|Any CPU.Build.0 = Debug|Any CPU
		{A1770C0C-F3F2-4D1E-86D9-03D646D29F58}.Debug|x64.ActiveCfg = Debug|Any CPU
		{A1770C0C-F3F2-4D1E-86D9-03D646D29F58}.Debug|x64.Build.0 = Debug|Any CPU
		{A1770C0C-F3F2-4D1E-86D9-03D646D29F58}.Debug|x86.ActiveCfg = Debug|Any CPU
		{A1770C0C-F3F2-4D1E-86D9-03D646D29F58}.Debug|x86.Build.0 = Debug|Any CPU
		{A1770C0C-F3F2-4D1E-86D9-03D646D29F58}.Release|Any CPU.ActiveCfg = Release|Any CPU
		{A1770C0C-F3F2-4D1E-86D9-03D646D29F58}.Release|Any CPU.Build.0 = Release|Any CPU
		{A1770C0C-F3F2-4D1E-86D9-03D646D29F58}.Release|x64.ActiveCfg = Release|Any CPU
		{A1770C0C-F3F2-4D1E-86D9-03D646D29F58}.Release|x64.Build.0 = Release|Any CPU
		{A1770C0C-F3F2-4D1E-86D9-03D646D29F58}.Release|x86.ActiveCfg = Release|Any CPU
		{A1770C0C-F3F2-4D1E-86D9-03D646D29F58}.Release|x86.Build.0 = Release|Any CPU
		{5C5C03CF-4B92-47DF-952F-4E573A90FCD3}.Debug|Any CPU.ActiveCfg = Debug|Any CPU
		{5C5C03CF-4B92-47DF-952F-4E573A90FCD3}.Debug|Any CPU.Build.0 = Debug|Any CPU
		{5C5C03CF-4B92-47DF-952F-4E573A90FCD3}.Debug|x64.ActiveCfg = Debug|Any CPU
		{5C5C03CF-4B92-47DF-952F-4E573A90FCD3}.Debug|x64.Build.0 = Debug|Any CPU
		{5C5C03CF-4B92-47DF-952F-4E573A90FCD3}.Debug|x86.ActiveCfg = Debug|Any CPU
		{5C5C03CF-4B92-47DF-952F-4E573A90FCD3}.Debug|x86.Build.0 = Debug|Any CPU
		{5C5C03CF-4B92-47DF-952F-4E573A90FCD3}.Release|Any CPU.ActiveCfg = Release|Any CPU
		{5C5C03CF-4B92-47DF-952F-4E573A90FCD3}.Release|Any CPU.Build.0 = Release|Any CPU
		{5C5C03CF-4B92-47DF-952F-4E573A90FCD3}.Release|x64.ActiveCfg = Release|Any CPU
		{5C5C03CF-4B92-47DF-952F-4E573A90FCD3}.Release|x64.Build.0 = Release|Any CPU
		{5C5C03CF-4B92-47DF-952F-4E573A90FCD3}.Release|x86.ActiveCfg = Release|Any CPU
		{5C5C03CF-4B92-47DF-952F-4E573A90FCD3}.Release|x86.Build.0 = Release|Any CPU
		{8B8643EB-3547-416A-BFFA-D35747071FE5}.Debug|Any CPU.ActiveCfg = Debug|Any CPU
		{8B8643EB-3547-416A-BFFA-D35747071FE5}.Debug|Any CPU.Build.0 = Debug|Any CPU
		{8B8643EB-3547-416A-BFFA-D35747071FE5}.Debug|x64.ActiveCfg = Debug|Any CPU
		{8B8643EB-3547-416A-BFFA-D35747071FE5}.Debug|x64.Build.0 = Debug|Any CPU
		{8B8643EB-3547-416A-BFFA-D35747071FE5}.Debug|x86.ActiveCfg = Debug|Any CPU
		{8B8643EB-3547-416A-BFFA-D35747071FE5}.Debug|x86.Build.0 = Debug|Any CPU
		{8B8643EB-3547-416A-BFFA-D35747071FE5}.Release|Any CPU.ActiveCfg = Release|Any CPU
		{8B8643EB-3547-416A-BFFA-D35747071FE5}.Release|Any CPU.Build.0 = Release|Any CPU
		{8B8643EB-3547-416A-BFFA-D35747071FE5}.Release|x64.ActiveCfg = Release|Any CPU
		{8B8643EB-3547-416A-BFFA-D35747071FE5}.Release|x64.Build.0 = Release|Any CPU
		{8B8643EB-3547-416A-BFFA-D35747071FE5}.Release|x86.ActiveCfg = Release|Any CPU
		{8B8643EB-3547-416A-BFFA-D35747071FE5}.Release|x86.Build.0 = Release|Any CPU
		{74D946CA-8AC4-4A4F-B461-F76DDE38E59B}.Debug|Any CPU.ActiveCfg = Debug|Any CPU
		{74D946CA-8AC4-4A4F-B461-F76DDE38E59B}.Debug|Any CPU.Build.0 = Debug|Any CPU
		{74D946CA-8AC4-4A4F-B461-F76DDE38E59B}.Debug|x64.ActiveCfg = Debug|Any CPU
		{74D946CA-8AC4-4A4F-B461-F76DDE38E59B}.Debug|x64.Build.0 = Debug|Any CPU
		{74D946CA-8AC4-4A4F-B461-F76DDE38E59B}.Debug|x86.ActiveCfg = Debug|Any CPU
		{74D946CA-8AC4-4A4F-B461-F76DDE38E59B}.Debug|x86.Build.0 = Debug|Any CPU
		{74D946CA-8AC4-4A4F-B461-F76DDE38E59B}.Release|Any CPU.ActiveCfg = Release|Any CPU
		{74D946CA-8AC4-4A4F-B461-F76DDE38E59B}.Release|Any CPU.Build.0 = Release|Any CPU
		{74D946CA-8AC4-4A4F-B461-F76DDE38E59B}.Release|x64.ActiveCfg = Release|Any CPU
		{74D946CA-8AC4-4A4F-B461-F76DDE38E59B}.Release|x64.Build.0 = Release|Any CPU
		{74D946CA-8AC4-4A4F-B461-F76DDE38E59B}.Release|x86.ActiveCfg = Release|Any CPU
		{74D946CA-8AC4-4A4F-B461-F76DDE38E59B}.Release|x86.Build.0 = Release|Any CPU
		{EC797E3A-02D3-4FFC-94A1-FCD93542E218}.Debug|Any CPU.ActiveCfg = Debug|Any CPU
		{EC797E3A-02D3-4FFC-94A1-FCD93542E218}.Debug|Any CPU.Build.0 = Debug|Any CPU
		{EC797E3A-02D3-4FFC-94A1-FCD93542E218}.Debug|x64.ActiveCfg = Debug|Any CPU
		{EC797E3A-02D3-4FFC-94A1-FCD93542E218}.Debug|x64.Build.0 = Debug|Any CPU
		{EC797E3A-02D3-4FFC-94A1-FCD93542E218}.Debug|x86.ActiveCfg = Debug|Any CPU
		{EC797E3A-02D3-4FFC-94A1-FCD93542E218}.Debug|x86.Build.0 = Debug|Any CPU
		{EC797E3A-02D3-4FFC-94A1-FCD93542E218}.Release|Any CPU.ActiveCfg = Release|Any CPU
		{EC797E3A-02D3-4FFC-94A1-FCD93542E218}.Release|Any CPU.Build.0 = Release|Any CPU
		{EC797E3A-02D3-4FFC-94A1-FCD93542E218}.Release|x64.ActiveCfg = Release|Any CPU
		{EC797E3A-02D3-4FFC-94A1-FCD93542E218}.Release|x64.Build.0 = Release|Any CPU
		{EC797E3A-02D3-4FFC-94A1-FCD93542E218}.Release|x86.ActiveCfg = Release|Any CPU
		{EC797E3A-02D3-4FFC-94A1-FCD93542E218}.Release|x86.Build.0 = Release|Any CPU
		{06A2AEF9-480E-4B31-9BA9-02A6999FF6D0}.Debug|Any CPU.ActiveCfg = Debug|Any CPU
		{06A2AEF9-480E-4B31-9BA9-02A6999FF6D0}.Debug|Any CPU.Build.0 = Debug|Any CPU
		{06A2AEF9-480E-4B31-9BA9-02A6999FF6D0}.Debug|x64.ActiveCfg = Debug|Any CPU
		{06A2AEF9-480E-4B31-9BA9-02A6999FF6D0}.Debug|x64.Build.0 = Debug|Any CPU
		{06A2AEF9-480E-4B31-9BA9-02A6999FF6D0}.Debug|x86.ActiveCfg = Debug|Any CPU
		{06A2AEF9-480E-4B31-9BA9-02A6999FF6D0}.Debug|x86.Build.0 = Debug|Any CPU
		{06A2AEF9-480E-4B31-9BA9-02A6999FF6D0}.Release|Any CPU.ActiveCfg = Release|Any CPU
		{06A2AEF9-480E-4B31-9BA9-02A6999FF6D0}.Release|Any CPU.Build.0 = Release|Any CPU
		{06A2AEF9-480E-4B31-9BA9-02A6999FF6D0}.Release|x64.ActiveCfg = Release|Any CPU
		{06A2AEF9-480E-4B31-9BA9-02A6999FF6D0}.Release|x64.Build.0 = Release|Any CPU
		{06A2AEF9-480E-4B31-9BA9-02A6999FF6D0}.Release|x86.ActiveCfg = Release|Any CPU
		{06A2AEF9-480E-4B31-9BA9-02A6999FF6D0}.Release|x86.Build.0 = Release|Any CPU
	EndGlobalSection
	GlobalSection(SolutionProperties) = preSolution
		HideSolutionNode = FALSE
	EndGlobalSection
	GlobalSection(NestedProjects) = preSolution
		{4A913597-489B-4DB6-B999-6D0949AA529A} = {46EEB5CC-1D9E-4BA0-B672-36A18728A606}
		{9EF917B5-143E-4705-B507-3E8A46BAA444} = {D74CDA20-602B-4638-B63C-9B299BF13883}
		{532D9027-A911-4D63-9AC6-2AE255C1D206} = {D74CDA20-602B-4638-B63C-9B299BF13883}
		{9781FE54-5D6F-41E6-AEC5-989B1863694B} = {D74CDA20-602B-4638-B63C-9B299BF13883}
		{E14D7727-BD21-4121-83C0-9B8E292A2922} = {D74CDA20-602B-4638-B63C-9B299BF13883}
		{DC04A7F3-36C1-42C4-83C4-46223BE12DDE} = {E4FFCA42-BBDF-4367-A302-B275619FFE5F}
		{8297CCF2-4ED7-4305-B28F-7D1BA5FA7EE0} = {B82EF836-8717-47E5-B87B-8FE99DD8161E}
		{1BE04083-C629-4E07-BCC0-0CDB981B61C7} = {B82EF836-8717-47E5-B87B-8FE99DD8161E}
		{24BEE32F-60B4-46E1-8E09-D282DBD83EEE} = {B82EF836-8717-47E5-B87B-8FE99DD8161E}
		{8CC2CF8A-49A6-47D9-88D5-59FA977EFBF1} = {B82EF836-8717-47E5-B87B-8FE99DD8161E}
		{19D68945-FA36-41A1-81F8-40B3A09E4E79} = {B82EF836-8717-47E5-B87B-8FE99DD8161E}
		{9AE7EE3E-69AA-437C-A4EA-AF73E71242D0} = {B82EF836-8717-47E5-B87B-8FE99DD8161E}
		{0FF913EF-315A-48F6-9291-6A9BB1B92C36} = {A484F32C-A828-46DC-91AA-4A24BF018E0A}
		{E064B387-63EA-44D5-A7D9-1C6B835FC005} = {A484F32C-A828-46DC-91AA-4A24BF018E0A}
		{01E07B32-0A8E-4518-B3A0-F70BC29B40E2} = {A484F32C-A828-46DC-91AA-4A24BF018E0A}
		{4D98C70C-6AC5-4B7C-ACC0-6A4C179E69D6} = {A484F32C-A828-46DC-91AA-4A24BF018E0A}
		{E668E761-2B7B-4E1D-866E-3DDD7BA4B822} = {A484F32C-A828-46DC-91AA-4A24BF018E0A}
		{EA616EA1-A2DC-4BED-AB18-E6B563C49297} = {A484F32C-A828-46DC-91AA-4A24BF018E0A}
		{6CEB9BA8-88A3-41CE-BC77-E5DF03594DAF} = {A484F32C-A828-46DC-91AA-4A24BF018E0A}
		{1E21371B-A57D-4F1A-BC22-7723453258C9} = {A484F32C-A828-46DC-91AA-4A24BF018E0A}
		{B78B807C-05EA-412E-8DCC-187E514B69A4} = {A484F32C-A828-46DC-91AA-4A24BF018E0A}
		{3799AD85-421A-47D6-8794-8BEF9119B63F} = {B78B807C-05EA-412E-8DCC-187E514B69A4}
		{8622EB51-558F-4DED-B36F-231822A6990B} = {B78B807C-05EA-412E-8DCC-187E514B69A4}
		{57052283-DD1E-4852-B689-4E8CA85D6A22} = {B78B807C-05EA-412E-8DCC-187E514B69A4}
		{7E33F7D6-B81A-4ED1-88FE-FF5FCD12DBAF} = {B78B807C-05EA-412E-8DCC-187E514B69A4}
		{1F5DFAF2-171D-4721-BB1D-9E12C8028516} = {A329546B-4A38-4435-893B-AAD0F6606E2A}
		{FFC7FE30-F3A8-455B-8D3C-FCCA3EB6958B} = {A329546B-4A38-4435-893B-AAD0F6606E2A}
		{62F2E69B-AF27-404B-ADE9-44D840E8A484} = {A329546B-4A38-4435-893B-AAD0F6606E2A}
		{5138826F-4C5B-422D-9B72-8CFD42E77A5B} = {A329546B-4A38-4435-893B-AAD0F6606E2A}
		{C5303970-E4D0-4B7E-B1F2-4134772BEC63} = {33FCB062-5F49-4649-90C2-D2D92FB46D0D}
		{CD18F2C8-C1F0-43CA-ACBC-8569E4C9DA28} = {33FCB062-5F49-4649-90C2-D2D92FB46D0D}
		{24C2B9A4-9582-4196-A3B0-885A72655DA6} = {33FCB062-5F49-4649-90C2-D2D92FB46D0D}
		{E6C5C496-585D-4193-984C-5429953A7F71} = {33FCB062-5F49-4649-90C2-D2D92FB46D0D}
		{899E27BB-68DB-4635-B3E4-30020A7B9564} = {F8341381-C381-44F4-957C-4218271CE824}
		{55657C7C-D31E-4582-B841-D47F02D55752} = {F8341381-C381-44F4-957C-4218271CE824}
		{F332657F-62AF-4062-A434-FCBE53846C69} = {F8341381-C381-44F4-957C-4218271CE824}
		{5AE43268-D920-4EAF-9ADC-7DE4319BFD5E} = {0C09B555-293A-4F9D-B181-6AFF8AFD49C7}
		{E85C6786-CBB3-4B2B-8ED5-A0792ABD143C} = {0C09B555-293A-4F9D-B181-6AFF8AFD49C7}
		{399F0A5A-5610-4444-BF59-38E106A8429A} = {0C09B555-293A-4F9D-B181-6AFF8AFD49C7}
		{0392FA01-3DE9-410A-BFC7-E9601DA070D5} = {0C09B555-293A-4F9D-B181-6AFF8AFD49C7}
		{8A1BFE7C-A59D-4E0A-877D-87E8C6C36F9B} = {0C09B555-293A-4F9D-B181-6AFF8AFD49C7}
		{4972E62F-0095-4A9B-ACA1-C88825E77393} = {4D6BFF8D-707D-449B-8CF3-8A688EC540EB}
		{28993AD9-3D68-4B57-82F5-DA794BC3CA49} = {8C6C7543-C457-4F89-99C5-753B913842A1}
		{43B3B08F-F812-4322-85C1-270FBEA5CDA1} = {8C6C7543-C457-4F89-99C5-753B913842A1}
		{18DC0A1E-30C4-4706-9584-24809788A49F} = {8C6C7543-C457-4F89-99C5-753B913842A1}
		{A1770C0C-F3F2-4D1E-86D9-03D646D29F58} = {8C6C7543-C457-4F89-99C5-753B913842A1}
		{5C5C03CF-4B92-47DF-952F-4E573A90FCD3} = {8C6C7543-C457-4F89-99C5-753B913842A1}
		{8B8643EB-3547-416A-BFFA-D35747071FE5} = {8EFE747F-61C5-4314-8574-08AFDF34E047}
		{74D946CA-8AC4-4A4F-B461-F76DDE38E59B} = {21030B09-966F-46A1-ACD9-BED4BB39700F}
		{EC797E3A-02D3-4FFC-94A1-FCD93542E218} = {21030B09-966F-46A1-ACD9-BED4BB39700F}
		{06A2AEF9-480E-4B31-9BA9-02A6999FF6D0} = {CAA8E374-DCAE-45CF-BE06-76345D450567}
	EndGlobalSection
EndGlobal
